// !$*UTF8*$!
{
	archiveVersion = 1;
	classes = {
	};
	objectVersion = 56;
	objects = {

/* Begin PBXBuildFile section */
		4D02FA0A2BE6053C00E743F3 /* GameRoomDetailTopView.swift in Sources */ = {isa = PBXBuildFile; fileRef = 4D02FA092BE6053C00E743F3 /* GameRoomDetailTopView.swift */; };
		4D02FA0C2BE6056E00E743F3 /* GameFinishView.swift in Sources */ = {isa = PBXBuildFile; fileRef = 4D02FA0B2BE6056E00E743F3 /* GameFinishView.swift */; };
		4D02FA0E2BE6070000E743F3 /* UserProfileView.swift in Sources */ = {isa = PBXBuildFile; fileRef = 4D02FA0D2BE6070000E743F3 /* UserProfileView.swift */; };
		4D2FB9672C05AF2A00959316 /* sample4.wav in Resources */ = {isa = PBXBuildFile; fileRef = 4D2FB9662C05AF2A00959316 /* sample4.wav */; };
		4D7583172BC572A0009B6489 /* CardView.swift in Sources */ = {isa = PBXBuildFile; fileRef = 4D7583162BC572A0009B6489 /* CardView.swift */; };
		4D7583192BC588B4009B6489 /* BoardUserProfileView.swift in Sources */ = {isa = PBXBuildFile; fileRef = 4D7583182BC588B4009B6489 /* BoardUserProfileView.swift */; };
		4D75831F2BC83D4A009B6489 /* PlayerBoardView.swift in Sources */ = {isa = PBXBuildFile; fileRef = 4D75831E2BC83D4A009B6489 /* PlayerBoardView.swift */; };
		4D75832E2BC8465D009B6489 /* Card.swift in Sources */ = {isa = PBXBuildFile; fileRef = 4D75832D2BC8465D009B6489 /* Card.swift */; };
		4D83BFAC2BF4A3DC00DDFD74 /* KeyboardHeightHelper.swift in Sources */ = {isa = PBXBuildFile; fileRef = 4D83BFAB2BF4A3DC00DDFD74 /* KeyboardHeightHelper.swift */; };
		4D83BFB32BF4C32500DDFD74 /* AttackDefenderView+ViewModel.swift in Sources */ = {isa = PBXBuildFile; fileRef = 4D83BFB22BF4C32500DDFD74 /* AttackDefenderView+ViewModel.swift */; };
		4D83BFB52BF7037500DDFD74 /* BlinkViewModifier.swift in Sources */ = {isa = PBXBuildFile; fileRef = 4D83BFB42BF7037500DDFD74 /* BlinkViewModifier.swift */; };
		4D83BFC32C04C4DB00DDFD74 /* Rex Banner - Modern Disco.mp3 in Resources */ = {isa = PBXBuildFile; fileRef = 4D83BFB92C04C4DA00DDFD74 /* Rex Banner - Modern Disco.mp3 */; };
		4D83BFC42C04C4DB00DDFD74 /* Rex Banner - New Car.mp3 in Resources */ = {isa = PBXBuildFile; fileRef = 4D83BFBA2C04C4DA00DDFD74 /* Rex Banner - New Car.mp3 */; };
		4D83BFC52C04C4DB00DDFD74 /* Love_It.mp3 in Resources */ = {isa = PBXBuildFile; fileRef = 4D83BFBB2C04C4DA00DDFD74 /* Love_It.mp3 */; };
		4D83BFC62C04C4DB00DDFD74 /* DABOOMJIGGLE.mp3 in Resources */ = {isa = PBXBuildFile; fileRef = 4D83BFBC2C04C4DA00DDFD74 /* DABOOMJIGGLE.mp3 */; };
		4D83BFC72C04C4DB00DDFD74 /* Randy Sharp - Just Try Me - Instrumental Version.mp3 in Resources */ = {isa = PBXBuildFile; fileRef = 4D83BFBD2C04C4DA00DDFD74 /* Randy Sharp - Just Try Me - Instrumental Version.mp3 */; };
		4D83BFC82C04C4DB00DDFD74 /* Out of Flux - Sunnydance - Sped Up.mp3 in Resources */ = {isa = PBXBuildFile; fileRef = 4D83BFBE2C04C4DA00DDFD74 /* Out of Flux - Sunnydance - Sped Up.mp3 */; };
		4D83BFC92C04C4DB00DDFD74 /* Funky_NET.mp3 in Resources */ = {isa = PBXBuildFile; fileRef = 4D83BFBF2C04C4DA00DDFD74 /* Funky_NET.mp3 */; };
		4D83BFCA2C04C4DB00DDFD74 /* Hopscotch.mp3 in Resources */ = {isa = PBXBuildFile; fileRef = 4D83BFC02C04C4DB00DDFD74 /* Hopscotch.mp3 */; };
		4D83BFCB2C04C4DB00DDFD74 /* CHONKLAP.mp3 in Resources */ = {isa = PBXBuildFile; fileRef = 4D83BFC12C04C4DB00DDFD74 /* CHONKLAP.mp3 */; };
		4D83BFCC2C04C4DB00DDFD74 /* Rex Banner - So Fresh.mp3 in Resources */ = {isa = PBXBuildFile; fileRef = 4D83BFC22C04C4DB00DDFD74 /* Rex Banner - So Fresh.mp3 */; };
		4D83BFD02C04DA5A00DDFD74 /* sample1.wav in Resources */ = {isa = PBXBuildFile; fileRef = 4D83BFCD2C04DA5A00DDFD74 /* sample1.wav */; };
		4D83BFD12C04DA5A00DDFD74 /* sample2.wav in Resources */ = {isa = PBXBuildFile; fileRef = 4D83BFCE2C04DA5A00DDFD74 /* sample2.wav */; };
		4D83BFD22C04DA5A00DDFD74 /* sample3.wav in Resources */ = {isa = PBXBuildFile; fileRef = 4D83BFCF2C04DA5A00DDFD74 /* sample3.wav */; };
		4D9CB90A2BDF59AC00BBD679 /* View+.swift in Sources */ = {isa = PBXBuildFile; fileRef = 4D9CB9092BDF59AC00BBD679 /* View+.swift */; };
		4DC5035A2BD630DB00DF4F6B /* GameRoomDetailView+ViewModel.swift in Sources */ = {isa = PBXBuildFile; fileRef = 4DC503592BD630DB00DF4F6B /* GameRoomDetailView+ViewModel.swift */; };
		4DF375B92BD161CC008AC415 /* GamePlayAttackDefenceView.swift in Sources */ = {isa = PBXBuildFile; fileRef = 4DF375B82BD161CC008AC415 /* GamePlayAttackDefenceView.swift */; };
		D109425B2C01C5660018BCAE /* History.swift in Sources */ = {isa = PBXBuildFile; fileRef = D109425A2C01C5660018BCAE /* History.swift */; };
		D125B9C72BC1288F00A5AE03 /* Service.swift in Sources */ = {isa = PBXBuildFile; fileRef = D125B9C62BC1288F00A5AE03 /* Service.swift */; };
		D125B9C92BC128D100A5AE03 /* Path.swift in Sources */ = {isa = PBXBuildFile; fileRef = D125B9C82BC128D100A5AE03 /* Path.swift */; };
		D125B9CC2BC12A0400A5AE03 /* GameRoomCreateView.swift in Sources */ = {isa = PBXBuildFile; fileRef = D125B9CB2BC12A0400A5AE03 /* GameRoomCreateView.swift */; };
		D125B9CF2BC14E1C00A5AE03 /* FirebaseAnalytics in Frameworks */ = {isa = PBXBuildFile; productRef = D125B9CE2BC14E1C00A5AE03 /* FirebaseAnalytics */; };
		D125B9D12BC14E1C00A5AE03 /* FirebaseAnalyticsOnDeviceConversion in Frameworks */ = {isa = PBXBuildFile; productRef = D125B9D02BC14E1C00A5AE03 /* FirebaseAnalyticsOnDeviceConversion */; };
		D125B9D32BC14E1C00A5AE03 /* FirebaseAnalyticsSwift in Frameworks */ = {isa = PBXBuildFile; productRef = D125B9D22BC14E1C00A5AE03 /* FirebaseAnalyticsSwift */; };
		D125B9D52BC14E1C00A5AE03 /* FirebaseAnalyticsWithoutAdIdSupport in Frameworks */ = {isa = PBXBuildFile; productRef = D125B9D42BC14E1C00A5AE03 /* FirebaseAnalyticsWithoutAdIdSupport */; };
		D125B9D72BC14E1C00A5AE03 /* FirebaseAppCheck in Frameworks */ = {isa = PBXBuildFile; productRef = D125B9D62BC14E1C00A5AE03 /* FirebaseAppCheck */; };
		D125B9D92BC1503600A5AE03 /* GoogleService-Info.plist in Resources */ = {isa = PBXBuildFile; fileRef = D125B9D82BC1503600A5AE03 /* GoogleService-Info.plist */; };
		D125B9DC2BC1504300A5AE03 /* AppDelegate.swift in Sources */ = {isa = PBXBuildFile; fileRef = D125B9DB2BC1504300A5AE03 /* AppDelegate.swift */; };
		D125B9DE2BC1517700A5AE03 /* GameRoom_Functions.swift in Sources */ = {isa = PBXBuildFile; fileRef = D125B9DD2BC1517700A5AE03 /* GameRoom_Functions.swift */; };
		D125B9E12BC156CD00A5AE03 /* FirebaseFirestore in Frameworks */ = {isa = PBXBuildFile; productRef = D125B9E02BC156CD00A5AE03 /* FirebaseFirestore */; };
		D12685A62BE8CE59005FDF84 /* GuideView.swift in Sources */ = {isa = PBXBuildFile; fileRef = D12685A52BE8CE59005FDF84 /* GuideView.swift */; };
		D12685A92BE8D34D005FDF84 /* GuideView+PlayerBoardView.swift in Sources */ = {isa = PBXBuildFile; fileRef = D12685A82BE8D34D005FDF84 /* GuideView+PlayerBoardView.swift */; };
		D139C5262BC6828B006A82B0 /* GameRoomDetailBottomView+PlayingView.swift in Sources */ = {isa = PBXBuildFile; fileRef = D139C5252BC6828B006A82B0 /* GameRoomDetailBottomView+PlayingView.swift */; };
		D1418E142BD62FBC00421904 /* GameRoomDetailView.swift in Sources */ = {isa = PBXBuildFile; fileRef = D1418E132BD62FBC00421904 /* GameRoomDetailView.swift */; };
		D1418E172BD6376B00421904 /* KakaoSDK in Frameworks */ = {isa = PBXBuildFile; productRef = D1418E162BD6376B00421904 /* KakaoSDK */; };
		D1418E192BD6376B00421904 /* KakaoSDKAuth in Frameworks */ = {isa = PBXBuildFile; productRef = D1418E182BD6376B00421904 /* KakaoSDKAuth */; };
		D1418E1B2BD6376B00421904 /* KakaoSDKCert in Frameworks */ = {isa = PBXBuildFile; productRef = D1418E1A2BD6376B00421904 /* KakaoSDKCert */; };
		D1418E1D2BD6376B00421904 /* KakaoSDKCertCore in Frameworks */ = {isa = PBXBuildFile; productRef = D1418E1C2BD6376B00421904 /* KakaoSDKCertCore */; };
		D1418E1F2BD6376B00421904 /* KakaoSDKCommon in Frameworks */ = {isa = PBXBuildFile; productRef = D1418E1E2BD6376B00421904 /* KakaoSDKCommon */; };
		D1418E242BD6400C00421904 /* DefaultView.swift in Sources */ = {isa = PBXBuildFile; fileRef = D1418E232BD6400C00421904 /* DefaultView.swift */; };
		D1418E262BD6415200421904 /* FirebaseAuth in Frameworks */ = {isa = PBXBuildFile; productRef = D1418E252BD6415200421904 /* FirebaseAuth */; };
		D1418E292BD647EA00421904 /* User_Functions.swift in Sources */ = {isa = PBXBuildFile; fileRef = D1418E282BD647EA00421904 /* User_Functions.swift */; };
		D1418E2C2BD64BA400421904 /* FirestoreError.swift in Sources */ = {isa = PBXBuildFile; fileRef = D1418E2B2BD64BA400421904 /* FirestoreError.swift */; };
		D1418E2E2BD64BDE00421904 /* User_Errors.swift in Sources */ = {isa = PBXBuildFile; fileRef = D1418E2D2BD64BDE00421904 /* User_Errors.swift */; };
		D1418E362BD64D8E00421904 /* SigninView.swift in Sources */ = {isa = PBXBuildFile; fileRef = D1418E342BD64D8E00421904 /* SigninView.swift */; };
		D1418E372BD64D8E00421904 /* SignUpView.swift in Sources */ = {isa = PBXBuildFile; fileRef = D1418E352BD64D8E00421904 /* SignUpView.swift */; };
		D14F34FE2BD8EB9F00ED6144 /* UserInGame.swift in Sources */ = {isa = PBXBuildFile; fileRef = D14F34FD2BD8EB9F00ED6144 /* UserInGame.swift */; };
		D152E9A72BC4CABA005535F1 /* GameRoomDetailBottomView.swift in Sources */ = {isa = PBXBuildFile; fileRef = D152E9A62BC4CABA005535F1 /* GameRoomDetailBottomView.swift */; };
		D152E9AA2BC4CD72005535F1 /* GameStatus.swift in Sources */ = {isa = PBXBuildFile; fileRef = D152E9A92BC4CD72005535F1 /* GameStatus.swift */; };
		D152E9AD2BC4D1AD005535F1 /* send.png in Resources */ = {isa = PBXBuildFile; fileRef = D152E9AC2BC4D1AD005535F1 /* send.png */; };
		D152E9B32BC4E700005535F1 /* Bugs.swift in Sources */ = {isa = PBXBuildFile; fileRef = D152E9B22BC4E700005535F1 /* Bugs.swift */; };
		D16AFC7F2BCFAD4400AEC3B2 /* CommonPopupView.swift in Sources */ = {isa = PBXBuildFile; fileRef = D16AFC7E2BCFAD4400AEC3B2 /* CommonPopupView.swift */; };
		D19AFD512BBF9B7C008F9297 /* LadybugPokerApp.swift in Sources */ = {isa = PBXBuildFile; fileRef = D19AFD502BBF9B7C008F9297 /* LadybugPokerApp.swift */; };
		D19AFD552BBF9B7D008F9297 /* Assets.xcassets in Resources */ = {isa = PBXBuildFile; fileRef = D19AFD542BBF9B7D008F9297 /* Assets.xcassets */; };
		D19AFD582BBF9B7D008F9297 /* Preview Assets.xcassets in Resources */ = {isa = PBXBuildFile; fileRef = D19AFD572BBF9B7D008F9297 /* Preview Assets.xcassets */; };
		D19AFD652BBF9BB5008F9297 /* Font.swift in Sources */ = {isa = PBXBuildFile; fileRef = D19AFD642BBF9BB5008F9297 /* Font.swift */; };
		D19AFD682BBF9DDF008F9297 /* SnowCrab.ttf in Resources */ = {isa = PBXBuildFile; fileRef = D19AFD672BBF9DDF008F9297 /* SnowCrab.ttf */; };
		D19AFD6A2BBF9E52008F9297 /* Yeongdeok Sea.ttf in Resources */ = {isa = PBXBuildFile; fileRef = D19AFD692BBF9E52008F9297 /* Yeongdeok Sea.ttf */; };
		D19AFD6F2BBF9F99008F9297 /* MainView.swift in Sources */ = {isa = PBXBuildFile; fileRef = D19AFD6E2BBF9F99008F9297 /* MainView.swift */; };
		D19AFD712BBF9FB4008F9297 /* Color.swift in Sources */ = {isa = PBXBuildFile; fileRef = D19AFD702BBF9FB4008F9297 /* Color.swift */; };
		D19AFD742BBFA0A9008F9297 /* GameRoomView.swift in Sources */ = {isa = PBXBuildFile; fileRef = D19AFD732BBFA0A9008F9297 /* GameRoomView.swift */; };
		D19AFD772BBFA0C4008F9297 /* GameRoom.swift in Sources */ = {isa = PBXBuildFile; fileRef = D19AFD762BBFA0C4008F9297 /* GameRoom.swift */; };
		D19AFD792BBFA12F008F9297 /* User.swift in Sources */ = {isa = PBXBuildFile; fileRef = D19AFD782BBFA12F008F9297 /* User.swift */; };
		D19AFD7C2BBFA238008F9297 /* GameRoom_Preview.swift in Sources */ = {isa = PBXBuildFile; fileRef = D19AFD7B2BBFA238008F9297 /* GameRoom_Preview.swift */; };
		D1A11BC42BE9CB60004CA7C0 /* NukeUI in Frameworks */ = {isa = PBXBuildFile; productRef = D1A11BC32BE9CB60004CA7C0 /* NukeUI */; };
		D1A7D8D82BE9B86C002197AE /* GuideCardView.swift in Sources */ = {isa = PBXBuildFile; fileRef = D1A7D8D72BE9B86C002197AE /* GuideCardView.swift */; };
		D1AD227D2BDB6D6B0030EC56 /* MyPageView.swift in Sources */ = {isa = PBXBuildFile; fileRef = D1AD227C2BDB6D6B0030EC56 /* MyPageView.swift */; };
		D1AD227F2BDCF3A10030EC56 /* Date+.swift in Sources */ = {isa = PBXBuildFile; fileRef = D1AD227E2BDCF3A10030EC56 /* Date+.swift */; };
		D1AD22812BDCF4940030EC56 /* String+.swift in Sources */ = {isa = PBXBuildFile; fileRef = D1AD22802BDCF4940030EC56 /* String+.swift */; };
		D1AD22842BDF6F4F0030EC56 /* GameError.swift in Sources */ = {isa = PBXBuildFile; fileRef = D1AD22832BDF6F4F0030EC56 /* GameError.swift */; };
		D1BBBF5E2BE9D14C00608D41 /* LevelNineView.swift in Sources */ = {isa = PBXBuildFile; fileRef = D1BBBF5D2BE9D14C00608D41 /* LevelNineView.swift */; };
		D1BBBF622BEB5B8300608D41 /* LevelSixteenView.swift in Sources */ = {isa = PBXBuildFile; fileRef = D1BBBF612BEB5B8300608D41 /* LevelSixteenView.swift */; };
/* End PBXBuildFile section */

/* Begin PBXFileReference section */
		4D02FA092BE6053C00E743F3 /* GameRoomDetailTopView.swift */ = {isa = PBXFileReference; fileEncoding = 4; lastKnownFileType = sourcecode.swift; path = GameRoomDetailTopView.swift; sourceTree = "<group>"; };
		4D02FA0B2BE6056E00E743F3 /* GameFinishView.swift */ = {isa = PBXFileReference; lastKnownFileType = sourcecode.swift; path = GameFinishView.swift; sourceTree = "<group>"; };
		4D02FA0D2BE6070000E743F3 /* UserProfileView.swift */ = {isa = PBXFileReference; lastKnownFileType = sourcecode.swift; path = UserProfileView.swift; sourceTree = "<group>"; };
		4D2FB9662C05AF2A00959316 /* sample4.wav */ = {isa = PBXFileReference; lastKnownFileType = audio.wav; path = sample4.wav; sourceTree = "<group>"; };
		4D7583162BC572A0009B6489 /* CardView.swift */ = {isa = PBXFileReference; lastKnownFileType = sourcecode.swift; path = CardView.swift; sourceTree = "<group>"; };
		4D7583182BC588B4009B6489 /* BoardUserProfileView.swift */ = {isa = PBXFileReference; lastKnownFileType = sourcecode.swift; path = BoardUserProfileView.swift; sourceTree = "<group>"; };
		4D75831E2BC83D4A009B6489 /* PlayerBoardView.swift */ = {isa = PBXFileReference; lastKnownFileType = sourcecode.swift; path = PlayerBoardView.swift; sourceTree = "<group>"; };
		4D75832D2BC8465D009B6489 /* Card.swift */ = {isa = PBXFileReference; lastKnownFileType = sourcecode.swift; path = Card.swift; sourceTree = "<group>"; };
		4D83BFAB2BF4A3DC00DDFD74 /* KeyboardHeightHelper.swift */ = {isa = PBXFileReference; lastKnownFileType = sourcecode.swift; path = KeyboardHeightHelper.swift; sourceTree = "<group>"; };
		4D83BFB22BF4C32500DDFD74 /* AttackDefenderView+ViewModel.swift */ = {isa = PBXFileReference; lastKnownFileType = sourcecode.swift; path = "AttackDefenderView+ViewModel.swift"; sourceTree = "<group>"; };
		4D83BFB42BF7037500DDFD74 /* BlinkViewModifier.swift */ = {isa = PBXFileReference; lastKnownFileType = sourcecode.swift; path = BlinkViewModifier.swift; sourceTree = "<group>"; };
		4D83BFB92C04C4DA00DDFD74 /* Rex Banner - Modern Disco.mp3 */ = {isa = PBXFileReference; lastKnownFileType = audio.mp3; path = "Rex Banner - Modern Disco.mp3"; sourceTree = "<group>"; };
		4D83BFBA2C04C4DA00DDFD74 /* Rex Banner - New Car.mp3 */ = {isa = PBXFileReference; lastKnownFileType = audio.mp3; path = "Rex Banner - New Car.mp3"; sourceTree = "<group>"; };
		4D83BFBB2C04C4DA00DDFD74 /* Love_It.mp3 */ = {isa = PBXFileReference; lastKnownFileType = audio.mp3; path = Love_It.mp3; sourceTree = "<group>"; };
		4D83BFBC2C04C4DA00DDFD74 /* DABOOMJIGGLE.mp3 */ = {isa = PBXFileReference; lastKnownFileType = audio.mp3; path = DABOOMJIGGLE.mp3; sourceTree = "<group>"; };
		4D83BFBD2C04C4DA00DDFD74 /* Randy Sharp - Just Try Me - Instrumental Version.mp3 */ = {isa = PBXFileReference; lastKnownFileType = audio.mp3; path = "Randy Sharp - Just Try Me - Instrumental Version.mp3"; sourceTree = "<group>"; };
		4D83BFBE2C04C4DA00DDFD74 /* Out of Flux - Sunnydance - Sped Up.mp3 */ = {isa = PBXFileReference; lastKnownFileType = audio.mp3; path = "Out of Flux - Sunnydance - Sped Up.mp3"; sourceTree = "<group>"; };
		4D83BFBF2C04C4DA00DDFD74 /* Funky_NET.mp3 */ = {isa = PBXFileReference; lastKnownFileType = audio.mp3; path = Funky_NET.mp3; sourceTree = "<group>"; };
		4D83BFC02C04C4DB00DDFD74 /* Hopscotch.mp3 */ = {isa = PBXFileReference; lastKnownFileType = audio.mp3; path = Hopscotch.mp3; sourceTree = "<group>"; };
		4D83BFC12C04C4DB00DDFD74 /* CHONKLAP.mp3 */ = {isa = PBXFileReference; lastKnownFileType = audio.mp3; path = CHONKLAP.mp3; sourceTree = "<group>"; };
		4D83BFC22C04C4DB00DDFD74 /* Rex Banner - So Fresh.mp3 */ = {isa = PBXFileReference; lastKnownFileType = audio.mp3; path = "Rex Banner - So Fresh.mp3"; sourceTree = "<group>"; };
		4D83BFCD2C04DA5A00DDFD74 /* sample1.wav */ = {isa = PBXFileReference; lastKnownFileType = audio.wav; path = sample1.wav; sourceTree = "<group>"; };
		4D83BFCE2C04DA5A00DDFD74 /* sample2.wav */ = {isa = PBXFileReference; lastKnownFileType = audio.wav; path = sample2.wav; sourceTree = "<group>"; };
		4D83BFCF2C04DA5A00DDFD74 /* sample3.wav */ = {isa = PBXFileReference; lastKnownFileType = audio.wav; path = sample3.wav; sourceTree = "<group>"; };
		4D9CB9092BDF59AC00BBD679 /* View+.swift */ = {isa = PBXFileReference; lastKnownFileType = sourcecode.swift; path = "View+.swift"; sourceTree = "<group>"; };
		4DC503592BD630DB00DF4F6B /* GameRoomDetailView+ViewModel.swift */ = {isa = PBXFileReference; lastKnownFileType = sourcecode.swift; path = "GameRoomDetailView+ViewModel.swift"; sourceTree = "<group>"; };
		4DF375B82BD161CC008AC415 /* GamePlayAttackDefenceView.swift */ = {isa = PBXFileReference; lastKnownFileType = sourcecode.swift; path = GamePlayAttackDefenceView.swift; sourceTree = "<group>"; };
		D109425A2C01C5660018BCAE /* History.swift */ = {isa = PBXFileReference; lastKnownFileType = sourcecode.swift; path = History.swift; sourceTree = "<group>"; };
		D125B9C62BC1288F00A5AE03 /* Service.swift */ = {isa = PBXFileReference; lastKnownFileType = sourcecode.swift; path = Service.swift; sourceTree = "<group>"; };
		D125B9C82BC128D100A5AE03 /* Path.swift */ = {isa = PBXFileReference; lastKnownFileType = sourcecode.swift; path = Path.swift; sourceTree = "<group>"; };
		D125B9CB2BC12A0400A5AE03 /* GameRoomCreateView.swift */ = {isa = PBXFileReference; lastKnownFileType = sourcecode.swift; path = GameRoomCreateView.swift; sourceTree = "<group>"; };
		D125B9D82BC1503600A5AE03 /* GoogleService-Info.plist */ = {isa = PBXFileReference; lastKnownFileType = text.plist; path = "GoogleService-Info.plist"; sourceTree = SOURCE_ROOT; };
		D125B9DB2BC1504300A5AE03 /* AppDelegate.swift */ = {isa = PBXFileReference; lastKnownFileType = sourcecode.swift; path = AppDelegate.swift; sourceTree = "<group>"; };
		D125B9DD2BC1517700A5AE03 /* GameRoom_Functions.swift */ = {isa = PBXFileReference; lastKnownFileType = sourcecode.swift; path = GameRoom_Functions.swift; sourceTree = "<group>"; };
		D12685A52BE8CE59005FDF84 /* GuideView.swift */ = {isa = PBXFileReference; lastKnownFileType = sourcecode.swift; path = GuideView.swift; sourceTree = "<group>"; };
		D12685A82BE8D34D005FDF84 /* GuideView+PlayerBoardView.swift */ = {isa = PBXFileReference; lastKnownFileType = sourcecode.swift; path = "GuideView+PlayerBoardView.swift"; sourceTree = "<group>"; };
		D139C5252BC6828B006A82B0 /* GameRoomDetailBottomView+PlayingView.swift */ = {isa = PBXFileReference; lastKnownFileType = sourcecode.swift; path = "GameRoomDetailBottomView+PlayingView.swift"; sourceTree = "<group>"; };
		D1418E132BD62FBC00421904 /* GameRoomDetailView.swift */ = {isa = PBXFileReference; lastKnownFileType = sourcecode.swift; path = GameRoomDetailView.swift; sourceTree = "<group>"; };
		D1418E232BD6400C00421904 /* DefaultView.swift */ = {isa = PBXFileReference; lastKnownFileType = sourcecode.swift; path = DefaultView.swift; sourceTree = "<group>"; };
		D1418E282BD647EA00421904 /* User_Functions.swift */ = {isa = PBXFileReference; lastKnownFileType = sourcecode.swift; path = User_Functions.swift; sourceTree = "<group>"; };
		D1418E2B2BD64BA400421904 /* FirestoreError.swift */ = {isa = PBXFileReference; lastKnownFileType = sourcecode.swift; path = FirestoreError.swift; sourceTree = "<group>"; };
		D1418E2D2BD64BDE00421904 /* User_Errors.swift */ = {isa = PBXFileReference; lastKnownFileType = sourcecode.swift; path = User_Errors.swift; sourceTree = "<group>"; };
		D1418E342BD64D8E00421904 /* SigninView.swift */ = {isa = PBXFileReference; fileEncoding = 4; lastKnownFileType = sourcecode.swift; path = SigninView.swift; sourceTree = "<group>"; };
		D1418E352BD64D8E00421904 /* SignUpView.swift */ = {isa = PBXFileReference; fileEncoding = 4; lastKnownFileType = sourcecode.swift; path = SignUpView.swift; sourceTree = "<group>"; };
		D14F34FD2BD8EB9F00ED6144 /* UserInGame.swift */ = {isa = PBXFileReference; lastKnownFileType = sourcecode.swift; path = UserInGame.swift; sourceTree = "<group>"; };
		D152E9A62BC4CABA005535F1 /* GameRoomDetailBottomView.swift */ = {isa = PBXFileReference; lastKnownFileType = sourcecode.swift; path = GameRoomDetailBottomView.swift; sourceTree = "<group>"; };
		D152E9A92BC4CD72005535F1 /* GameStatus.swift */ = {isa = PBXFileReference; lastKnownFileType = sourcecode.swift; path = GameStatus.swift; sourceTree = "<group>"; };
		D152E9AC2BC4D1AD005535F1 /* send.png */ = {isa = PBXFileReference; lastKnownFileType = image.png; path = send.png; sourceTree = "<group>"; };
		D152E9B22BC4E700005535F1 /* Bugs.swift */ = {isa = PBXFileReference; lastKnownFileType = sourcecode.swift; path = Bugs.swift; sourceTree = "<group>"; };
		D16AFC7E2BCFAD4400AEC3B2 /* CommonPopupView.swift */ = {isa = PBXFileReference; lastKnownFileType = sourcecode.swift; path = CommonPopupView.swift; sourceTree = "<group>"; };
		D19AFD4D2BBF9B7C008F9297 /* LadybugPoker.app */ = {isa = PBXFileReference; explicitFileType = wrapper.application; includeInIndex = 0; path = LadybugPoker.app; sourceTree = BUILT_PRODUCTS_DIR; };
		D19AFD502BBF9B7C008F9297 /* LadybugPokerApp.swift */ = {isa = PBXFileReference; lastKnownFileType = sourcecode.swift; path = LadybugPokerApp.swift; sourceTree = "<group>"; };
		D19AFD542BBF9B7D008F9297 /* Assets.xcassets */ = {isa = PBXFileReference; lastKnownFileType = folder.assetcatalog; path = Assets.xcassets; sourceTree = "<group>"; };
		D19AFD572BBF9B7D008F9297 /* Preview Assets.xcassets */ = {isa = PBXFileReference; lastKnownFileType = folder.assetcatalog; path = "Preview Assets.xcassets"; sourceTree = "<group>"; };
		D19AFD642BBF9BB5008F9297 /* Font.swift */ = {isa = PBXFileReference; lastKnownFileType = sourcecode.swift; path = Font.swift; sourceTree = "<group>"; };
		D19AFD662BBF9C0C008F9297 /* Info.plist */ = {isa = PBXFileReference; lastKnownFileType = text.plist; path = Info.plist; sourceTree = "<group>"; };
		D19AFD672BBF9DDF008F9297 /* SnowCrab.ttf */ = {isa = PBXFileReference; lastKnownFileType = file; path = SnowCrab.ttf; sourceTree = SOURCE_ROOT; };
		D19AFD692BBF9E52008F9297 /* Yeongdeok Sea.ttf */ = {isa = PBXFileReference; lastKnownFileType = file; path = "Yeongdeok Sea.ttf"; sourceTree = SOURCE_ROOT; };
		D19AFD6E2BBF9F99008F9297 /* MainView.swift */ = {isa = PBXFileReference; lastKnownFileType = sourcecode.swift; path = MainView.swift; sourceTree = "<group>"; };
		D19AFD702BBF9FB4008F9297 /* Color.swift */ = {isa = PBXFileReference; lastKnownFileType = sourcecode.swift; path = Color.swift; sourceTree = "<group>"; };
		D19AFD732BBFA0A9008F9297 /* GameRoomView.swift */ = {isa = PBXFileReference; lastKnownFileType = sourcecode.swift; path = GameRoomView.swift; sourceTree = "<group>"; };
		D19AFD762BBFA0C4008F9297 /* GameRoom.swift */ = {isa = PBXFileReference; lastKnownFileType = sourcecode.swift; path = GameRoom.swift; sourceTree = "<group>"; };
		D19AFD782BBFA12F008F9297 /* User.swift */ = {isa = PBXFileReference; lastKnownFileType = sourcecode.swift; path = User.swift; sourceTree = "<group>"; };
		D19AFD7B2BBFA238008F9297 /* GameRoom_Preview.swift */ = {isa = PBXFileReference; lastKnownFileType = sourcecode.swift; path = GameRoom_Preview.swift; sourceTree = "<group>"; };
		D1A7D8D72BE9B86C002197AE /* GuideCardView.swift */ = {isa = PBXFileReference; lastKnownFileType = sourcecode.swift; path = GuideCardView.swift; sourceTree = "<group>"; };
		D1AD227C2BDB6D6B0030EC56 /* MyPageView.swift */ = {isa = PBXFileReference; lastKnownFileType = sourcecode.swift; path = MyPageView.swift; sourceTree = "<group>"; };
		D1AD227E2BDCF3A10030EC56 /* Date+.swift */ = {isa = PBXFileReference; lastKnownFileType = sourcecode.swift; path = "Date+.swift"; sourceTree = "<group>"; };
		D1AD22802BDCF4940030EC56 /* String+.swift */ = {isa = PBXFileReference; lastKnownFileType = sourcecode.swift; path = "String+.swift"; sourceTree = "<group>"; };
		D1AD22822BDF55D20030EC56 /* LadybugPoker.entitlements */ = {isa = PBXFileReference; lastKnownFileType = text.plist.entitlements; path = LadybugPoker.entitlements; sourceTree = "<group>"; };
		D1AD22832BDF6F4F0030EC56 /* GameError.swift */ = {isa = PBXFileReference; lastKnownFileType = sourcecode.swift; path = GameError.swift; sourceTree = "<group>"; };
		D1BBBF5D2BE9D14C00608D41 /* LevelNineView.swift */ = {isa = PBXFileReference; lastKnownFileType = sourcecode.swift; path = LevelNineView.swift; sourceTree = "<group>"; };
		D1BBBF612BEB5B8300608D41 /* LevelSixteenView.swift */ = {isa = PBXFileReference; lastKnownFileType = sourcecode.swift; path = LevelSixteenView.swift; sourceTree = "<group>"; };
/* End PBXFileReference section */

/* Begin PBXFrameworksBuildPhase section */
		D19AFD4A2BBF9B7C008F9297 /* Frameworks */ = {
			isa = PBXFrameworksBuildPhase;
			buildActionMask = 2147483647;
			files = (
				D1A11BC42BE9CB60004CA7C0 /* NukeUI in Frameworks */,
				D125B9D32BC14E1C00A5AE03 /* FirebaseAnalyticsSwift in Frameworks */,
				D1418E172BD6376B00421904 /* KakaoSDK in Frameworks */,
				D125B9CF2BC14E1C00A5AE03 /* FirebaseAnalytics in Frameworks */,
				D1418E1B2BD6376B00421904 /* KakaoSDKCert in Frameworks */,
				D1418E1D2BD6376B00421904 /* KakaoSDKCertCore in Frameworks */,
				D125B9D12BC14E1C00A5AE03 /* FirebaseAnalyticsOnDeviceConversion in Frameworks */,
				D125B9D72BC14E1C00A5AE03 /* FirebaseAppCheck in Frameworks */,
				D125B9D52BC14E1C00A5AE03 /* FirebaseAnalyticsWithoutAdIdSupport in Frameworks */,
				D125B9E12BC156CD00A5AE03 /* FirebaseFirestore in Frameworks */,
				D1418E1F2BD6376B00421904 /* KakaoSDKCommon in Frameworks */,
				D1418E192BD6376B00421904 /* KakaoSDKAuth in Frameworks */,
				D1418E262BD6415200421904 /* FirebaseAuth in Frameworks */,
			);
			runOnlyForDeploymentPostprocessing = 0;
		};
/* End PBXFrameworksBuildPhase section */

/* Begin PBXGroup section */
		4D5740862BD6355300ED1801 /* GameRoomDetail */ = {
			isa = PBXGroup;
			children = (
				D1418E132BD62FBC00421904 /* GameRoomDetailView.swift */,
				4DC503592BD630DB00DF4F6B /* GameRoomDetailView+ViewModel.swift */,
			);
			path = GameRoomDetail;
			sourceTree = "<group>";
		};
		4D7583132BC56E73009B6489 /* DetailTopView */ = {
			isa = PBXGroup;
			children = (
				4D7583182BC588B4009B6489 /* BoardUserProfileView.swift */,
				4D02FA092BE6053C00E743F3 /* GameRoomDetailTopView.swift */,
				4D75831E2BC83D4A009B6489 /* PlayerBoardView.swift */,
			);
			path = DetailTopView;
			sourceTree = "<group>";
		};
		4D83BFB12BF4C30100DDFD74 /* AttackDefenderView */ = {
			isa = PBXGroup;
			children = (
				4DF375B82BD161CC008AC415 /* GamePlayAttackDefenceView.swift */,
				4D83BFB22BF4C32500DDFD74 /* AttackDefenderView+ViewModel.swift */,
			);
			path = AttackDefenderView;
			sourceTree = "<group>";
		};
		4D83BFB82C04C4CB00DDFD74 /* Music */ = {
			isa = PBXGroup;
			children = (
				4D83BFCD2C04DA5A00DDFD74 /* sample1.wav */,
				4D83BFCE2C04DA5A00DDFD74 /* sample2.wav */,
				4D83BFCF2C04DA5A00DDFD74 /* sample3.wav */,
				4D2FB9662C05AF2A00959316 /* sample4.wav */,
				4D83BFBF2C04C4DA00DDFD74 /* Funky_NET.mp3 */,
				4D83BFBB2C04C4DA00DDFD74 /* Love_It.mp3 */,
				4D83BFC02C04C4DB00DDFD74 /* Hopscotch.mp3 */,
				4D83BFC12C04C4DB00DDFD74 /* CHONKLAP.mp3 */,
				4D83BFBC2C04C4DA00DDFD74 /* DABOOMJIGGLE.mp3 */,
				4D83BFBE2C04C4DA00DDFD74 /* Out of Flux - Sunnydance - Sped Up.mp3 */,
				4D83BFBD2C04C4DA00DDFD74 /* Randy Sharp - Just Try Me - Instrumental Version.mp3 */,
				4D83BFB92C04C4DA00DDFD74 /* Rex Banner - Modern Disco.mp3 */,
				4D83BFBA2C04C4DA00DDFD74 /* Rex Banner - New Car.mp3 */,
				4D83BFC22C04C4DB00DDFD74 /* Rex Banner - So Fresh.mp3 */,
			);
			path = Music;
			sourceTree = "<group>";
		};
		D10942572C01C5030018BCAE /* History */ = {
			isa = PBXGroup;
			children = (
				D109425A2C01C5660018BCAE /* History.swift */,
			);
			path = History;
			sourceTree = "<group>";
		};
		D125B9C52BC1288600A5AE03 /* Service */ = {
			isa = PBXGroup;
			children = (
				D125B9C62BC1288F00A5AE03 /* Service.swift */,
				D125B9C82BC128D100A5AE03 /* Path.swift */,
			);
			path = Service;
			sourceTree = "<group>";
		};
		D125B9CA2BC129F900A5AE03 /* GameRoom */ = {
			isa = PBXGroup;
			children = (
				4D83BFB12BF4C30100DDFD74 /* AttackDefenderView */,
				D152E9A52BC4CAA4005535F1 /* DetailView */,
				D125B9CB2BC12A0400A5AE03 /* GameRoomCreateView.swift */,
				4D7583162BC572A0009B6489 /* CardView.swift */,
				4D02FA0B2BE6056E00E743F3 /* GameFinishView.swift */,
				4D02FA0D2BE6070000E743F3 /* UserProfileView.swift */,
				4D83BFAB2BF4A3DC00DDFD74 /* KeyboardHeightHelper.swift */,
				4D83BFB42BF7037500DDFD74 /* BlinkViewModifier.swift */,
			);
			path = GameRoom;
			sourceTree = "<group>";
		};
		D125B9DA2BC1503B00A5AE03 /* System */ = {
			isa = PBXGroup;
			children = (
				D125B9DB2BC1504300A5AE03 /* AppDelegate.swift */,
			);
			path = System;
			sourceTree = "<group>";
		};
		D125B9DF2BC156CD00A5AE03 /* Frameworks */ = {
			isa = PBXGroup;
			children = (
			);
			name = Frameworks;
			sourceTree = "<group>";
		};
		D12685A42BE8CE47005FDF84 /* GuideView */ = {
			isa = PBXGroup;
			children = (
				D12685A72BE8D334005FDF84 /* SubViews */,
				D12685A52BE8CE59005FDF84 /* GuideView.swift */,
			);
			path = GuideView;
			sourceTree = "<group>";
		};
		D12685A72BE8D334005FDF84 /* SubViews */ = {
			isa = PBXGroup;
			children = (
				D12685A82BE8D34D005FDF84 /* GuideView+PlayerBoardView.swift */,
				D1A7D8D72BE9B86C002197AE /* GuideCardView.swift */,
				D1BBBF5D2BE9D14C00608D41 /* LevelNineView.swift */,
				D1BBBF612BEB5B8300608D41 /* LevelSixteenView.swift */,
			);
			path = SubViews;
			sourceTree = "<group>";
		};
		D1418E272BD6461600421904 /* User */ = {
			isa = PBXGroup;
			children = (
				D19AFD782BBFA12F008F9297 /* User.swift */,
				D1418E282BD647EA00421904 /* User_Functions.swift */,
				D1418E2D2BD64BDE00421904 /* User_Errors.swift */,
			);
			path = User;
			sourceTree = "<group>";
		};
		D1418E2A2BD64B9B00421904 /* Errors */ = {
			isa = PBXGroup;
			children = (
				D1418E2B2BD64BA400421904 /* FirestoreError.swift */,
				D1AD22832BDF6F4F0030EC56 /* GameError.swift */,
			);
			path = Errors;
			sourceTree = "<group>";
		};
		D1418E332BD64D8E00421904 /* Auth */ = {
			isa = PBXGroup;
			children = (
				D1418E342BD64D8E00421904 /* SigninView.swift */,
				D1418E352BD64D8E00421904 /* SignUpView.swift */,
			);
			path = Auth;
			sourceTree = "<group>";
		};
		D14F34FC2BD8EB9700ED6144 /* UserInGame */ = {
			isa = PBXGroup;
			children = (
				D14F34FD2BD8EB9F00ED6144 /* UserInGame.swift */,
			);
			path = UserInGame;
			sourceTree = "<group>";
		};
		D152E9A52BC4CAA4005535F1 /* DetailView */ = {
			isa = PBXGroup;
			children = (
				4D5740862BD6355300ED1801 /* GameRoomDetail */,
				4D7583132BC56E73009B6489 /* DetailTopView */,
				D152E9AE2BC4D2CB005535F1 /* DetailBottomView */,
			);
			path = DetailView;
			sourceTree = "<group>";
		};
		D152E9A82BC4CD6C005535F1 /* GameStatus */ = {
			isa = PBXGroup;
			children = (
				D152E9A92BC4CD72005535F1 /* GameStatus.swift */,
			);
			path = GameStatus;
			sourceTree = "<group>";
		};
		D152E9AB2BC4D1A4005535F1 /* Images */ = {
			isa = PBXGroup;
			children = (
				D152E9AC2BC4D1AD005535F1 /* send.png */,
			);
			path = Images;
			sourceTree = "<group>";
		};
		D152E9AE2BC4D2CB005535F1 /* DetailBottomView */ = {
			isa = PBXGroup;
			children = (
				D152E9A62BC4CABA005535F1 /* GameRoomDetailBottomView.swift */,
				D139C5252BC6828B006A82B0 /* GameRoomDetailBottomView+PlayingView.swift */,
			);
			path = DetailBottomView;
			sourceTree = "<group>";
		};
		D152E9B12BC4E6F6005535F1 /* Bugs */ = {
			isa = PBXGroup;
			children = (
				D152E9B22BC4E700005535F1 /* Bugs.swift */,
			);
			path = Bugs;
			sourceTree = "<group>";
		};
		D16AFC7D2BCFAD3A00AEC3B2 /* Popup */ = {
			isa = PBXGroup;
			children = (
				D16AFC7E2BCFAD4400AEC3B2 /* CommonPopupView.swift */,
			);
			path = Popup;
			sourceTree = "<group>";
		};
		D19AFD442BBF9B7C008F9297 = {
			isa = PBXGroup;
			children = (
				D19AFD4F2BBF9B7C008F9297 /* LadybugPoker */,
				D19AFD4E2BBF9B7C008F9297 /* Products */,
				D125B9DF2BC156CD00A5AE03 /* Frameworks */,
			);
			sourceTree = "<group>";
		};
		D19AFD4E2BBF9B7C008F9297 /* Products */ = {
			isa = PBXGroup;
			children = (
				D19AFD4D2BBF9B7C008F9297 /* LadybugPoker.app */,
			);
			name = Products;
			sourceTree = "<group>";
		};
		D19AFD4F2BBF9B7C008F9297 /* LadybugPoker */ = {
			isa = PBXGroup;
			children = (
				D1AD22822BDF55D20030EC56 /* LadybugPoker.entitlements */,
				D1418E2A2BD64B9B00421904 /* Errors */,
				D125B9DA2BC1503B00A5AE03 /* System */,
				D125B9C52BC1288600A5AE03 /* Service */,
				D19AFD662BBF9C0C008F9297 /* Info.plist */,
				D125B9D82BC1503600A5AE03 /* GoogleService-Info.plist */,
				D19AFD752BBFA0B4008F9297 /* Models */,
				D19AFD632BBF9BB0008F9297 /* Utils */,
				D19AFD622BBF9BA8008F9297 /* Extensions */,
				D19AFD5E2BBF9B86008F9297 /* Resources */,
				D19AFD6B2BBF9F6A008F9297 /* Views */,
				D19AFD502BBF9B7C008F9297 /* LadybugPokerApp.swift */,
				D19AFD542BBF9B7D008F9297 /* Assets.xcassets */,
				D19AFD562BBF9B7D008F9297 /* Preview Content */,
			);
			path = LadybugPoker;
			sourceTree = "<group>";
		};
		D19AFD562BBF9B7D008F9297 /* Preview Content */ = {
			isa = PBXGroup;
			children = (
				D19AFD572BBF9B7D008F9297 /* Preview Assets.xcassets */,
			);
			path = "Preview Content";
			sourceTree = "<group>";
		};
		D19AFD5E2BBF9B86008F9297 /* Resources */ = {
			isa = PBXGroup;
			children = (
				D152E9AB2BC4D1A4005535F1 /* Images */,
				D19AFD5F2BBF9B8E008F9297 /* Fonts */,
			);
			path = Resources;
			sourceTree = "<group>";
		};
		D19AFD5F2BBF9B8E008F9297 /* Fonts */ = {
			isa = PBXGroup;
			children = (
				D19AFD672BBF9DDF008F9297 /* SnowCrab.ttf */,
				D19AFD692BBF9E52008F9297 /* Yeongdeok Sea.ttf */,
			);
			path = Fonts;
			sourceTree = "<group>";
		};
		D19AFD622BBF9BA8008F9297 /* Extensions */ = {
			isa = PBXGroup;
			children = (
				D1AD227E2BDCF3A10030EC56 /* Date+.swift */,
				D1AD22802BDCF4940030EC56 /* String+.swift */,
				4D9CB9092BDF59AC00BBD679 /* View+.swift */,
			);
			path = Extensions;
			sourceTree = "<group>";
		};
		D19AFD632BBF9BB0008F9297 /* Utils */ = {
			isa = PBXGroup;
			children = (
				4D83BFB82C04C4CB00DDFD74 /* Music */,
				D19AFD642BBF9BB5008F9297 /* Font.swift */,
				D19AFD702BBF9FB4008F9297 /* Color.swift */,
			);
			path = Utils;
			sourceTree = "<group>";
		};
		D19AFD6B2BBF9F6A008F9297 /* Views */ = {
			isa = PBXGroup;
			children = (
				D12685A42BE8CE47005FDF84 /* GuideView */,
				D1AD227B2BDB6D630030EC56 /* MyPage */,
				D1418E332BD64D8E00421904 /* Auth */,
				D16AFC7D2BCFAD3A00AEC3B2 /* Popup */,
				D125B9CA2BC129F900A5AE03 /* GameRoom */,
				D19AFD722BBFA09D008F9297 /* Main */,
			);
			path = Views;
			sourceTree = "<group>";
		};
		D19AFD722BBFA09D008F9297 /* Main */ = {
			isa = PBXGroup;
			children = (
				D19AFD6E2BBF9F99008F9297 /* MainView.swift */,
				D19AFD732BBFA0A9008F9297 /* GameRoomView.swift */,
				D1418E232BD6400C00421904 /* DefaultView.swift */,
			);
			path = Main;
			sourceTree = "<group>";
		};
		D19AFD752BBFA0B4008F9297 /* Models */ = {
			isa = PBXGroup;
			children = (
				D10942572C01C5030018BCAE /* History */,
				D14F34FC2BD8EB9700ED6144 /* UserInGame */,
				D1418E272BD6461600421904 /* User */,
				D152E9B12BC4E6F6005535F1 /* Bugs */,
				D152E9A82BC4CD6C005535F1 /* GameStatus */,
				D19AFD7A2BBFA22A008F9297 /* GameRoom */,
				4D75832D2BC8465D009B6489 /* Card.swift */,
			);
			path = Models;
			sourceTree = "<group>";
		};
		D19AFD7A2BBFA22A008F9297 /* GameRoom */ = {
			isa = PBXGroup;
			children = (
				D19AFD762BBFA0C4008F9297 /* GameRoom.swift */,
				D19AFD7B2BBFA238008F9297 /* GameRoom_Preview.swift */,
				D125B9DD2BC1517700A5AE03 /* GameRoom_Functions.swift */,
			);
			path = GameRoom;
			sourceTree = "<group>";
		};
		D1AD227B2BDB6D630030EC56 /* MyPage */ = {
			isa = PBXGroup;
			children = (
				D1AD227C2BDB6D6B0030EC56 /* MyPageView.swift */,
			);
			path = MyPage;
			sourceTree = "<group>";
		};
/* End PBXGroup section */

/* Begin PBXNativeTarget section */
		D19AFD4C2BBF9B7C008F9297 /* LadybugPoker */ = {
			isa = PBXNativeTarget;
			buildConfigurationList = D19AFD5B2BBF9B7D008F9297 /* Build configuration list for PBXNativeTarget "LadybugPoker" */;
			buildPhases = (
				D19AFD492BBF9B7C008F9297 /* Sources */,
				D19AFD4A2BBF9B7C008F9297 /* Frameworks */,
				D19AFD4B2BBF9B7C008F9297 /* Resources */,
			);
			buildRules = (
			);
			dependencies = (
			);
			name = LadybugPoker;
			packageProductDependencies = (
				D125B9CE2BC14E1C00A5AE03 /* FirebaseAnalytics */,
				D125B9D02BC14E1C00A5AE03 /* FirebaseAnalyticsOnDeviceConversion */,
				D125B9D22BC14E1C00A5AE03 /* FirebaseAnalyticsSwift */,
				D125B9D42BC14E1C00A5AE03 /* FirebaseAnalyticsWithoutAdIdSupport */,
				D125B9D62BC14E1C00A5AE03 /* FirebaseAppCheck */,
				D125B9E02BC156CD00A5AE03 /* FirebaseFirestore */,
				D1418E162BD6376B00421904 /* KakaoSDK */,
				D1418E182BD6376B00421904 /* KakaoSDKAuth */,
				D1418E1A2BD6376B00421904 /* KakaoSDKCert */,
				D1418E1C2BD6376B00421904 /* KakaoSDKCertCore */,
				D1418E1E2BD6376B00421904 /* KakaoSDKCommon */,
				D1418E252BD6415200421904 /* FirebaseAuth */,
				D1A11BC32BE9CB60004CA7C0 /* NukeUI */,
			);
			productName = LadybugPoker;
			productReference = D19AFD4D2BBF9B7C008F9297 /* LadybugPoker.app */;
			productType = "com.apple.product-type.application";
		};
/* End PBXNativeTarget section */

/* Begin PBXProject section */
		D19AFD452BBF9B7C008F9297 /* Project object */ = {
			isa = PBXProject;
			attributes = {
				BuildIndependentTargetsInParallel = 1;
				LastSwiftUpdateCheck = 1520;
				LastUpgradeCheck = 1520;
				TargetAttributes = {
					D19AFD4C2BBF9B7C008F9297 = {
						CreatedOnToolsVersion = 15.2;
					};
				};
			};
			buildConfigurationList = D19AFD482BBF9B7C008F9297 /* Build configuration list for PBXProject "LadybugPoker" */;
			compatibilityVersion = "Xcode 14.0";
			developmentRegion = en;
			hasScannedForEncodings = 0;
			knownRegions = (
				en,
				Base,
			);
			mainGroup = D19AFD442BBF9B7C008F9297;
			packageReferences = (
				D125B9CD2BC14E1C00A5AE03 /* XCRemoteSwiftPackageReference "firebase-ios-sdk" */,
				D1418E152BD6376B00421904 /* XCRemoteSwiftPackageReference "kakao-ios-sdk" */,
				D1A11BC22BE9CB60004CA7C0 /* XCRemoteSwiftPackageReference "NukeUI" */,
			);
			productRefGroup = D19AFD4E2BBF9B7C008F9297 /* Products */;
			projectDirPath = "";
			projectRoot = "";
			targets = (
				D19AFD4C2BBF9B7C008F9297 /* LadybugPoker */,
			);
		};
/* End PBXProject section */

/* Begin PBXResourcesBuildPhase section */
		D19AFD4B2BBF9B7C008F9297 /* Resources */ = {
			isa = PBXResourcesBuildPhase;
			buildActionMask = 2147483647;
			files = (
				4D83BFD22C04DA5A00DDFD74 /* sample3.wav in Resources */,
				4D83BFC42C04C4DB00DDFD74 /* Rex Banner - New Car.mp3 in Resources */,
				D19AFD582BBF9B7D008F9297 /* Preview Assets.xcassets in Resources */,
				D19AFD552BBF9B7D008F9297 /* Assets.xcassets in Resources */,
				4D83BFCC2C04C4DB00DDFD74 /* Rex Banner - So Fresh.mp3 in Resources */,
				4D83BFC82C04C4DB00DDFD74 /* Out of Flux - Sunnydance - Sped Up.mp3 in Resources */,
				4D83BFC92C04C4DB00DDFD74 /* Funky_NET.mp3 in Resources */,
				4D83BFC62C04C4DB00DDFD74 /* DABOOMJIGGLE.mp3 in Resources */,
				4D83BFC32C04C4DB00DDFD74 /* Rex Banner - Modern Disco.mp3 in Resources */,
				D125B9D92BC1503600A5AE03 /* GoogleService-Info.plist in Resources */,
				D19AFD682BBF9DDF008F9297 /* SnowCrab.ttf in Resources */,
				4D83BFCA2C04C4DB00DDFD74 /* Hopscotch.mp3 in Resources */,
				4D83BFD12C04DA5A00DDFD74 /* sample2.wav in Resources */,
				4D2FB9672C05AF2A00959316 /* sample4.wav in Resources */,
				D19AFD6A2BBF9E52008F9297 /* Yeongdeok Sea.ttf in Resources */,
				4D83BFCB2C04C4DB00DDFD74 /* CHONKLAP.mp3 in Resources */,
				4D83BFC52C04C4DB00DDFD74 /* Love_It.mp3 in Resources */,
				D152E9AD2BC4D1AD005535F1 /* send.png in Resources */,
				4D83BFC72C04C4DB00DDFD74 /* Randy Sharp - Just Try Me - Instrumental Version.mp3 in Resources */,
				4D83BFD02C04DA5A00DDFD74 /* sample1.wav in Resources */,
			);
			runOnlyForDeploymentPostprocessing = 0;
		};
/* End PBXResourcesBuildPhase section */

/* Begin PBXSourcesBuildPhase section */
		D19AFD492BBF9B7C008F9297 /* Sources */ = {
			isa = PBXSourcesBuildPhase;
			buildActionMask = 2147483647;
			files = (
				4D75831F2BC83D4A009B6489 /* PlayerBoardView.swift in Sources */,
				D19AFD772BBFA0C4008F9297 /* GameRoom.swift in Sources */,
				D16AFC7F2BCFAD4400AEC3B2 /* CommonPopupView.swift in Sources */,
				D12685A62BE8CE59005FDF84 /* GuideView.swift in Sources */,
				D12685A92BE8D34D005FDF84 /* GuideView+PlayerBoardView.swift in Sources */,
				D1AD22842BDF6F4F0030EC56 /* GameError.swift in Sources */,
				D1418E2E2BD64BDE00421904 /* User_Errors.swift in Sources */,
				4D83BFAC2BF4A3DC00DDFD74 /* KeyboardHeightHelper.swift in Sources */,
				D19AFD7C2BBFA238008F9297 /* GameRoom_Preview.swift in Sources */,
				D1AD227D2BDB6D6B0030EC56 /* MyPageView.swift in Sources */,
				D19AFD512BBF9B7C008F9297 /* LadybugPokerApp.swift in Sources */,
				D125B9DC2BC1504300A5AE03 /* AppDelegate.swift in Sources */,
				D1BBBF5E2BE9D14C00608D41 /* LevelNineView.swift in Sources */,
				D14F34FE2BD8EB9F00ED6144 /* UserInGame.swift in Sources */,
				D1418E292BD647EA00421904 /* User_Functions.swift in Sources */,
				D139C5262BC6828B006A82B0 /* GameRoomDetailBottomView+PlayingView.swift in Sources */,
				D152E9A72BC4CABA005535F1 /* GameRoomDetailBottomView.swift in Sources */,
				D1418E362BD64D8E00421904 /* SigninView.swift in Sources */,
				D1418E2C2BD64BA400421904 /* FirestoreError.swift in Sources */,
				D19AFD742BBFA0A9008F9297 /* GameRoomView.swift in Sources */,
				D125B9DE2BC1517700A5AE03 /* GameRoom_Functions.swift in Sources */,
				D1418E372BD64D8E00421904 /* SignUpView.swift in Sources */,
				D1418E142BD62FBC00421904 /* GameRoomDetailView.swift in Sources */,
				D125B9CC2BC12A0400A5AE03 /* GameRoomCreateView.swift in Sources */,
				D152E9AA2BC4CD72005535F1 /* GameStatus.swift in Sources */,
				4D02FA0A2BE6053C00E743F3 /* GameRoomDetailTopView.swift in Sources */,
				D19AFD792BBFA12F008F9297 /* User.swift in Sources */,
				D1418E242BD6400C00421904 /* DefaultView.swift in Sources */,
				4D83BFB52BF7037500DDFD74 /* BlinkViewModifier.swift in Sources */,
				D1AD22812BDCF4940030EC56 /* String+.swift in Sources */,
				4D02FA0C2BE6056E00E743F3 /* GameFinishView.swift in Sources */,
				D1A7D8D82BE9B86C002197AE /* GuideCardView.swift in Sources */,
				4DF375B92BD161CC008AC415 /* GamePlayAttackDefenceView.swift in Sources */,
				D19AFD6F2BBF9F99008F9297 /* MainView.swift in Sources */,
				4DC5035A2BD630DB00DF4F6B /* GameRoomDetailView+ViewModel.swift in Sources */,
				D1AD227F2BDCF3A10030EC56 /* Date+.swift in Sources */,
				D152E9B32BC4E700005535F1 /* Bugs.swift in Sources */,
				D109425B2C01C5660018BCAE /* History.swift in Sources */,
				D1BBBF622BEB5B8300608D41 /* LevelSixteenView.swift in Sources */,
				4D7583172BC572A0009B6489 /* CardView.swift in Sources */,
				D125B9C72BC1288F00A5AE03 /* Service.swift in Sources */,
				D19AFD652BBF9BB5008F9297 /* Font.swift in Sources */,
				4D75832E2BC8465D009B6489 /* Card.swift in Sources */,
				4D02FA0E2BE6070000E743F3 /* UserProfileView.swift in Sources */,
				4D9CB90A2BDF59AC00BBD679 /* View+.swift in Sources */,
				D125B9C92BC128D100A5AE03 /* Path.swift in Sources */,
				D19AFD712BBF9FB4008F9297 /* Color.swift in Sources */,
				4D7583192BC588B4009B6489 /* BoardUserProfileView.swift in Sources */,
				4D83BFB32BF4C32500DDFD74 /* AttackDefenderView+ViewModel.swift in Sources */,
			);
			runOnlyForDeploymentPostprocessing = 0;
		};
/* End PBXSourcesBuildPhase section */

/* Begin XCBuildConfiguration section */
		D19AFD592BBF9B7D008F9297 /* Debug */ = {
			isa = XCBuildConfiguration;
			buildSettings = {
				ALWAYS_SEARCH_USER_PATHS = NO;
				ASSETCATALOG_COMPILER_GENERATE_SWIFT_ASSET_SYMBOL_EXTENSIONS = YES;
				CLANG_ANALYZER_NONNULL = YES;
				CLANG_ANALYZER_NUMBER_OBJECT_CONVERSION = YES_AGGRESSIVE;
				CLANG_CXX_LANGUAGE_STANDARD = "gnu++20";
				CLANG_ENABLE_MODULES = YES;
				CLANG_ENABLE_OBJC_ARC = YES;
				CLANG_ENABLE_OBJC_WEAK = YES;
				CLANG_WARN_BLOCK_CAPTURE_AUTORELEASING = YES;
				CLANG_WARN_BOOL_CONVERSION = YES;
				CLANG_WARN_COMMA = YES;
				CLANG_WARN_CONSTANT_CONVERSION = YES;
				CLANG_WARN_DEPRECATED_OBJC_IMPLEMENTATIONS = YES;
				CLANG_WARN_DIRECT_OBJC_ISA_USAGE = YES_ERROR;
				CLANG_WARN_DOCUMENTATION_COMMENTS = YES;
				CLANG_WARN_EMPTY_BODY = YES;
				CLANG_WARN_ENUM_CONVERSION = YES;
				CLANG_WARN_INFINITE_RECURSION = YES;
				CLANG_WARN_INT_CONVERSION = YES;
				CLANG_WARN_NON_LITERAL_NULL_CONVERSION = YES;
				CLANG_WARN_OBJC_IMPLICIT_RETAIN_SELF = YES;
				CLANG_WARN_OBJC_LITERAL_CONVERSION = YES;
				CLANG_WARN_OBJC_ROOT_CLASS = YES_ERROR;
				CLANG_WARN_QUOTED_INCLUDE_IN_FRAMEWORK_HEADER = YES;
				CLANG_WARN_RANGE_LOOP_ANALYSIS = YES;
				CLANG_WARN_STRICT_PROTOTYPES = YES;
				CLANG_WARN_SUSPICIOUS_MOVE = YES;
				CLANG_WARN_UNGUARDED_AVAILABILITY = YES_AGGRESSIVE;
				CLANG_WARN_UNREACHABLE_CODE = YES;
				CLANG_WARN__DUPLICATE_METHOD_MATCH = YES;
				COPY_PHASE_STRIP = NO;
				DEBUG_INFORMATION_FORMAT = dwarf;
				ENABLE_STRICT_OBJC_MSGSEND = YES;
				ENABLE_TESTABILITY = YES;
				ENABLE_USER_SCRIPT_SANDBOXING = YES;
				GCC_C_LANGUAGE_STANDARD = gnu17;
				GCC_DYNAMIC_NO_PIC = NO;
				GCC_NO_COMMON_BLOCKS = YES;
				GCC_OPTIMIZATION_LEVEL = 0;
				GCC_PREPROCESSOR_DEFINITIONS = (
					"DEBUG=1",
					"$(inherited)",
				);
				GCC_WARN_64_TO_32_BIT_CONVERSION = YES;
				GCC_WARN_ABOUT_RETURN_TYPE = YES_ERROR;
				GCC_WARN_UNDECLARED_SELECTOR = YES;
				GCC_WARN_UNINITIALIZED_AUTOS = YES_AGGRESSIVE;
				GCC_WARN_UNUSED_FUNCTION = YES;
				GCC_WARN_UNUSED_VARIABLE = YES;
				IPHONEOS_DEPLOYMENT_TARGET = 17.2;
				LOCALIZATION_PREFERS_STRING_CATALOGS = YES;
				MTL_ENABLE_DEBUG_INFO = INCLUDE_SOURCE;
				MTL_FAST_MATH = YES;
				ONLY_ACTIVE_ARCH = YES;
				SDKROOT = iphoneos;
				SWIFT_ACTIVE_COMPILATION_CONDITIONS = "DEBUG $(inherited)";
				SWIFT_OPTIMIZATION_LEVEL = "-Onone";
			};
			name = Debug;
		};
		D19AFD5A2BBF9B7D008F9297 /* Release */ = {
			isa = XCBuildConfiguration;
			buildSettings = {
				ALWAYS_SEARCH_USER_PATHS = NO;
				ASSETCATALOG_COMPILER_GENERATE_SWIFT_ASSET_SYMBOL_EXTENSIONS = YES;
				CLANG_ANALYZER_NONNULL = YES;
				CLANG_ANALYZER_NUMBER_OBJECT_CONVERSION = YES_AGGRESSIVE;
				CLANG_CXX_LANGUAGE_STANDARD = "gnu++20";
				CLANG_ENABLE_MODULES = YES;
				CLANG_ENABLE_OBJC_ARC = YES;
				CLANG_ENABLE_OBJC_WEAK = YES;
				CLANG_WARN_BLOCK_CAPTURE_AUTORELEASING = YES;
				CLANG_WARN_BOOL_CONVERSION = YES;
				CLANG_WARN_COMMA = YES;
				CLANG_WARN_CONSTANT_CONVERSION = YES;
				CLANG_WARN_DEPRECATED_OBJC_IMPLEMENTATIONS = YES;
				CLANG_WARN_DIRECT_OBJC_ISA_USAGE = YES_ERROR;
				CLANG_WARN_DOCUMENTATION_COMMENTS = YES;
				CLANG_WARN_EMPTY_BODY = YES;
				CLANG_WARN_ENUM_CONVERSION = YES;
				CLANG_WARN_INFINITE_RECURSION = YES;
				CLANG_WARN_INT_CONVERSION = YES;
				CLANG_WARN_NON_LITERAL_NULL_CONVERSION = YES;
				CLANG_WARN_OBJC_IMPLICIT_RETAIN_SELF = YES;
				CLANG_WARN_OBJC_LITERAL_CONVERSION = YES;
				CLANG_WARN_OBJC_ROOT_CLASS = YES_ERROR;
				CLANG_WARN_QUOTED_INCLUDE_IN_FRAMEWORK_HEADER = YES;
				CLANG_WARN_RANGE_LOOP_ANALYSIS = YES;
				CLANG_WARN_STRICT_PROTOTYPES = YES;
				CLANG_WARN_SUSPICIOUS_MOVE = YES;
				CLANG_WARN_UNGUARDED_AVAILABILITY = YES_AGGRESSIVE;
				CLANG_WARN_UNREACHABLE_CODE = YES;
				CLANG_WARN__DUPLICATE_METHOD_MATCH = YES;
				COPY_PHASE_STRIP = NO;
				DEBUG_INFORMATION_FORMAT = "dwarf-with-dsym";
				ENABLE_NS_ASSERTIONS = NO;
				ENABLE_STRICT_OBJC_MSGSEND = YES;
				ENABLE_USER_SCRIPT_SANDBOXING = YES;
				GCC_C_LANGUAGE_STANDARD = gnu17;
				GCC_NO_COMMON_BLOCKS = YES;
				GCC_WARN_64_TO_32_BIT_CONVERSION = YES;
				GCC_WARN_ABOUT_RETURN_TYPE = YES_ERROR;
				GCC_WARN_UNDECLARED_SELECTOR = YES;
				GCC_WARN_UNINITIALIZED_AUTOS = YES_AGGRESSIVE;
				GCC_WARN_UNUSED_FUNCTION = YES;
				GCC_WARN_UNUSED_VARIABLE = YES;
				IPHONEOS_DEPLOYMENT_TARGET = 17.2;
				LOCALIZATION_PREFERS_STRING_CATALOGS = YES;
				MTL_ENABLE_DEBUG_INFO = NO;
				MTL_FAST_MATH = YES;
				SDKROOT = iphoneos;
				SWIFT_COMPILATION_MODE = wholemodule;
				VALIDATE_PRODUCT = YES;
			};
			name = Release;
		};
		D19AFD5C2BBF9B7D008F9297 /* Debug */ = {
			isa = XCBuildConfiguration;
			buildSettings = {
				ASSETCATALOG_COMPILER_APPICON_NAME = AppIcon;
				ASSETCATALOG_COMPILER_GLOBAL_ACCENT_COLOR_NAME = AccentColor;
				CODE_SIGN_ENTITLEMENTS = LadybugPoker/LadybugPoker.entitlements;
				CODE_SIGN_IDENTITY = "Apple Development";
				CODE_SIGN_STYLE = Automatic;
				CURRENT_PROJECT_VERSION = 1;
				DEVELOPMENT_ASSET_PATHS = "\"LadybugPoker/Preview Content\"";
				DEVELOPMENT_TEAM = JRXGXW25BG;
				ENABLE_PREVIEWS = YES;
				GENERATE_INFOPLIST_FILE = YES;
				INFOPLIST_FILE = LadybugPoker/Info.plist;
				INFOPLIST_KEY_CFBundleDisplayName = "무당벌레포커";
				INFOPLIST_KEY_UIApplicationSceneManifest_Generation = YES;
				INFOPLIST_KEY_UIApplicationSupportsIndirectInputEvents = YES;
				INFOPLIST_KEY_UILaunchScreen_Generation = YES;
				INFOPLIST_KEY_UISupportedInterfaceOrientations_iPad = "UIInterfaceOrientationPortrait UIInterfaceOrientationPortraitUpsideDown UIInterfaceOrientationLandscapeLeft UIInterfaceOrientationLandscapeRight";
				INFOPLIST_KEY_UISupportedInterfaceOrientations_iPhone = "UIInterfaceOrientationPortrait UIInterfaceOrientationLandscapeLeft UIInterfaceOrientationLandscapeRight";
				IPHONEOS_DEPLOYMENT_TARGET = 16.0;
				LD_RUNPATH_SEARCH_PATHS = (
					"$(inherited)",
					"@executable_path/Frameworks",
				);
				MARKETING_VERSION = 1.0;
				PRODUCT_BUNDLE_IDENTIFIER = com.indecode.LadybugPokerr;
				PRODUCT_NAME = "$(TARGET_NAME)";
				PROVISIONING_PROFILE_SPECIFIER = "";
				SWIFT_EMIT_LOC_STRINGS = YES;
				SWIFT_VERSION = 5.0;
				TARGETED_DEVICE_FAMILY = "1,2";
			};
			name = Debug;
		};
		D19AFD5D2BBF9B7D008F9297 /* Release */ = {
			isa = XCBuildConfiguration;
			buildSettings = {
				ASSETCATALOG_COMPILER_APPICON_NAME = AppIcon;
				ASSETCATALOG_COMPILER_GLOBAL_ACCENT_COLOR_NAME = AccentColor;
				CODE_SIGN_ENTITLEMENTS = LadybugPoker/LadybugPoker.entitlements;
				CODE_SIGN_IDENTITY = "Apple Development";
				CODE_SIGN_STYLE = Automatic;
				CURRENT_PROJECT_VERSION = 1;
				DEVELOPMENT_ASSET_PATHS = "\"LadybugPoker/Preview Content\"";
				DEVELOPMENT_TEAM = JRXGXW25BG;
				ENABLE_PREVIEWS = YES;
				GENERATE_INFOPLIST_FILE = YES;
				INFOPLIST_FILE = LadybugPoker/Info.plist;
				INFOPLIST_KEY_CFBundleDisplayName = "무당벌레포커";
				INFOPLIST_KEY_UIApplicationSceneManifest_Generation = YES;
				INFOPLIST_KEY_UIApplicationSupportsIndirectInputEvents = YES;
				INFOPLIST_KEY_UILaunchScreen_Generation = YES;
				INFOPLIST_KEY_UISupportedInterfaceOrientations_iPad = "UIInterfaceOrientationPortrait UIInterfaceOrientationPortraitUpsideDown UIInterfaceOrientationLandscapeLeft UIInterfaceOrientationLandscapeRight";
				INFOPLIST_KEY_UISupportedInterfaceOrientations_iPhone = "UIInterfaceOrientationPortrait UIInterfaceOrientationLandscapeLeft UIInterfaceOrientationLandscapeRight";
				IPHONEOS_DEPLOYMENT_TARGET = 16.0;
				LD_RUNPATH_SEARCH_PATHS = (
					"$(inherited)",
					"@executable_path/Frameworks",
				);
				MARKETING_VERSION = 1.0;
				PRODUCT_BUNDLE_IDENTIFIER = com.indecode.LadybugPokerr;
				PRODUCT_NAME = "$(TARGET_NAME)";
				PROVISIONING_PROFILE_SPECIFIER = "";
				SWIFT_EMIT_LOC_STRINGS = YES;
				SWIFT_VERSION = 5.0;
				TARGETED_DEVICE_FAMILY = "1,2";
			};
			name = Release;
		};
/* End XCBuildConfiguration section */

/* Begin XCConfigurationList section */
		D19AFD482BBF9B7C008F9297 /* Build configuration list for PBXProject "LadybugPoker" */ = {
			isa = XCConfigurationList;
			buildConfigurations = (
				D19AFD592BBF9B7D008F9297 /* Debug */,
				D19AFD5A2BBF9B7D008F9297 /* Release */,
			);
			defaultConfigurationIsVisible = 0;
			defaultConfigurationName = Release;
		};
		D19AFD5B2BBF9B7D008F9297 /* Build configuration list for PBXNativeTarget "LadybugPoker" */ = {
			isa = XCConfigurationList;
			buildConfigurations = (
				D19AFD5C2BBF9B7D008F9297 /* Debug */,
				D19AFD5D2BBF9B7D008F9297 /* Release */,
			);
			defaultConfigurationIsVisible = 0;
			defaultConfigurationName = Release;
		};
/* End XCConfigurationList section */

/* Begin XCRemoteSwiftPackageReference section */
		D125B9CD2BC14E1C00A5AE03 /* XCRemoteSwiftPackageReference "firebase-ios-sdk" */ = {
			isa = XCRemoteSwiftPackageReference;
			repositoryURL = "https://github.com/firebase/firebase-ios-sdk.git";
			requirement = {
				kind = upToNextMajorVersion;
				minimumVersion = 10.23.1;
			};
		};
		D1418E152BD6376B00421904 /* XCRemoteSwiftPackageReference "kakao-ios-sdk" */ = {
			isa = XCRemoteSwiftPackageReference;
			repositoryURL = "https://github.com/kakao/kakao-ios-sdk";
			requirement = {
				kind = upToNextMajorVersion;
				minimumVersion = 2.22.1;
			};
		};
		D1A11BC22BE9CB60004CA7C0 /* XCRemoteSwiftPackageReference "NukeUI" */ = {
			isa = XCRemoteSwiftPackageReference;
			repositoryURL = "https://github.com/kean/NukeUI";
			requirement = {
				kind = upToNextMajorVersion;
				minimumVersion = 0.8.3;
			};
		};
/* End XCRemoteSwiftPackageReference section */

/* Begin XCSwiftPackageProductDependency section */
		D125B9CE2BC14E1C00A5AE03 /* FirebaseAnalytics */ = {
			isa = XCSwiftPackageProductDependency;
			package = D125B9CD2BC14E1C00A5AE03 /* XCRemoteSwiftPackageReference "firebase-ios-sdk" */;
			productName = FirebaseAnalytics;
		};
		D125B9D02BC14E1C00A5AE03 /* FirebaseAnalyticsOnDeviceConversion */ = {
			isa = XCSwiftPackageProductDependency;
			package = D125B9CD2BC14E1C00A5AE03 /* XCRemoteSwiftPackageReference "firebase-ios-sdk" */;
			productName = FirebaseAnalyticsOnDeviceConversion;
		};
		D125B9D22BC14E1C00A5AE03 /* FirebaseAnalyticsSwift */ = {
			isa = XCSwiftPackageProductDependency;
			package = D125B9CD2BC14E1C00A5AE03 /* XCRemoteSwiftPackageReference "firebase-ios-sdk" */;
			productName = FirebaseAnalyticsSwift;
		};
		D125B9D42BC14E1C00A5AE03 /* FirebaseAnalyticsWithoutAdIdSupport */ = {
			isa = XCSwiftPackageProductDependency;
			package = D125B9CD2BC14E1C00A5AE03 /* XCRemoteSwiftPackageReference "firebase-ios-sdk" */;
			productName = FirebaseAnalyticsWithoutAdIdSupport;
		};
		D125B9D62BC14E1C00A5AE03 /* FirebaseAppCheck */ = {
			isa = XCSwiftPackageProductDependency;
			package = D125B9CD2BC14E1C00A5AE03 /* XCRemoteSwiftPackageReference "firebase-ios-sdk" */;
			productName = FirebaseAppCheck;
		};
		D125B9E02BC156CD00A5AE03 /* FirebaseFirestore */ = {
			isa = XCSwiftPackageProductDependency;
			package = D125B9CD2BC14E1C00A5AE03 /* XCRemoteSwiftPackageReference "firebase-ios-sdk" */;
			productName = FirebaseFirestore;
		};
		D1418E162BD6376B00421904 /* KakaoSDK */ = {
			isa = XCSwiftPackageProductDependency;
			package = D1418E152BD6376B00421904 /* XCRemoteSwiftPackageReference "kakao-ios-sdk" */;
			productName = KakaoSDK;
		};
		D1418E182BD6376B00421904 /* KakaoSDKAuth */ = {
			isa = XCSwiftPackageProductDependency;
			package = D1418E152BD6376B00421904 /* XCRemoteSwiftPackageReference "kakao-ios-sdk" */;
			productName = KakaoSDKAuth;
		};
		D1418E1A2BD6376B00421904 /* KakaoSDKCert */ = {
			isa = XCSwiftPackageProductDependency;
			package = D1418E152BD6376B00421904 /* XCRemoteSwiftPackageReference "kakao-ios-sdk" */;
			productName = KakaoSDKCert;
		};
		D1418E1C2BD6376B00421904 /* KakaoSDKCertCore */ = {
			isa = XCSwiftPackageProductDependency;
			package = D1418E152BD6376B00421904 /* XCRemoteSwiftPackageReference "kakao-ios-sdk" */;
			productName = KakaoSDKCertCore;
		};
		D1418E1E2BD6376B00421904 /* KakaoSDKCommon */ = {
			isa = XCSwiftPackageProductDependency;
			package = D1418E152BD6376B00421904 /* XCRemoteSwiftPackageReference "kakao-ios-sdk" */;
			productName = KakaoSDKCommon;
		};
		D1418E252BD6415200421904 /* FirebaseAuth */ = {
			isa = XCSwiftPackageProductDependency;
			package = D125B9CD2BC14E1C00A5AE03 /* XCRemoteSwiftPackageReference "firebase-ios-sdk" */;
			productName = FirebaseAuth;
		};
		D1A11BC32BE9CB60004CA7C0 /* NukeUI */ = {
			isa = XCSwiftPackageProductDependency;
			package = D1A11BC22BE9CB60004CA7C0 /* XCRemoteSwiftPackageReference "NukeUI" */;
			productName = NukeUI;
		};
/* End XCSwiftPackageProductDependency section */
	};
	rootObject = D19AFD452BBF9B7C008F9297 /* Project object */;
}
