// !$*UTF8*$!
{
	archiveVersion = 1;
	classes = {
	};
	objectVersion = 56;
	objects = {

/* Begin PBXBuildFile section */
		4D7583152BC56E86009B6489 /* GameRoomDetailTopView.swift in Sources */ = {isa = PBXBuildFile; fileRef = 4D7583142BC56E86009B6489 /* GameRoomDetailTopView.swift */; };
		4D7583172BC572A0009B6489 /* CardView.swift in Sources */ = {isa = PBXBuildFile; fileRef = 4D7583162BC572A0009B6489 /* CardView.swift */; };
		4D7583192BC588B4009B6489 /* UserProfileView.swift in Sources */ = {isa = PBXBuildFile; fileRef = 4D7583182BC588B4009B6489 /* UserProfileView.swift */; };
		4D75831F2BC83D4A009B6489 /* PlayerBoardView.swift in Sources */ = {isa = PBXBuildFile; fileRef = 4D75831E2BC83D4A009B6489 /* PlayerBoardView.swift */; };
		4D7583262BC8429D009B6489 /* Nuke in Frameworks */ = {isa = PBXBuildFile; productRef = 4D7583252BC8429D009B6489 /* Nuke */; };
		4D7583282BC8429D009B6489 /* NukeExtensions in Frameworks */ = {isa = PBXBuildFile; productRef = 4D7583272BC8429D009B6489 /* NukeExtensions */; };
		4D75832A2BC8429D009B6489 /* NukeUI in Frameworks */ = {isa = PBXBuildFile; productRef = 4D7583292BC8429D009B6489 /* NukeUI */; };
		4D75832C2BC8429D009B6489 /* NukeVideo in Frameworks */ = {isa = PBXBuildFile; productRef = 4D75832B2BC8429D009B6489 /* NukeVideo */; };
		4D75832E2BC8465D009B6489 /* Card.swift in Sources */ = {isa = PBXBuildFile; fileRef = 4D75832D2BC8465D009B6489 /* Card.swift */; };
		4DE122172BCBF53700F1FE9C /* GameRoomDetailTopView+ViewModel.swift in Sources */ = {isa = PBXBuildFile; fileRef = 4DE122162BCBF53700F1FE9C /* GameRoomDetailTopView+ViewModel.swift */; };
		4DF375B92BD161CC008AC415 /* GamePlayAttackView.swift in Sources */ = {isa = PBXBuildFile; fileRef = 4DF375B82BD161CC008AC415 /* GamePlayAttackView.swift */; };
		D125B9C72BC1288F00A5AE03 /* Service.swift in Sources */ = {isa = PBXBuildFile; fileRef = D125B9C62BC1288F00A5AE03 /* Service.swift */; };
		D125B9C92BC128D100A5AE03 /* Path.swift in Sources */ = {isa = PBXBuildFile; fileRef = D125B9C82BC128D100A5AE03 /* Path.swift */; };
		D125B9CC2BC12A0400A5AE03 /* GameRoomCreateView.swift in Sources */ = {isa = PBXBuildFile; fileRef = D125B9CB2BC12A0400A5AE03 /* GameRoomCreateView.swift */; };
		D125B9CF2BC14E1C00A5AE03 /* FirebaseAnalytics in Frameworks */ = {isa = PBXBuildFile; productRef = D125B9CE2BC14E1C00A5AE03 /* FirebaseAnalytics */; };
		D125B9D12BC14E1C00A5AE03 /* FirebaseAnalyticsOnDeviceConversion in Frameworks */ = {isa = PBXBuildFile; productRef = D125B9D02BC14E1C00A5AE03 /* FirebaseAnalyticsOnDeviceConversion */; };
		D125B9D32BC14E1C00A5AE03 /* FirebaseAnalyticsSwift in Frameworks */ = {isa = PBXBuildFile; productRef = D125B9D22BC14E1C00A5AE03 /* FirebaseAnalyticsSwift */; };
		D125B9D52BC14E1C00A5AE03 /* FirebaseAnalyticsWithoutAdIdSupport in Frameworks */ = {isa = PBXBuildFile; productRef = D125B9D42BC14E1C00A5AE03 /* FirebaseAnalyticsWithoutAdIdSupport */; };
		D125B9D72BC14E1C00A5AE03 /* FirebaseAppCheck in Frameworks */ = {isa = PBXBuildFile; productRef = D125B9D62BC14E1C00A5AE03 /* FirebaseAppCheck */; };
		D125B9D92BC1503600A5AE03 /* GoogleService-Info.plist in Resources */ = {isa = PBXBuildFile; fileRef = D125B9D82BC1503600A5AE03 /* GoogleService-Info.plist */; };
		D125B9DC2BC1504300A5AE03 /* AppDelegate.swift in Sources */ = {isa = PBXBuildFile; fileRef = D125B9DB2BC1504300A5AE03 /* AppDelegate.swift */; };
		D125B9DE2BC1517700A5AE03 /* GameRoom_Functions.swift in Sources */ = {isa = PBXBuildFile; fileRef = D125B9DD2BC1517700A5AE03 /* GameRoom_Functions.swift */; };
		D125B9E12BC156CD00A5AE03 /* FirebaseFirestore in Frameworks */ = {isa = PBXBuildFile; productRef = D125B9E02BC156CD00A5AE03 /* FirebaseFirestore */; };
		D139C5262BC6828B006A82B0 /* GameRoomDetailBottomView+PlayingView.swift in Sources */ = {isa = PBXBuildFile; fileRef = D139C5252BC6828B006A82B0 /* GameRoomDetailBottomView+PlayingView.swift */; };
		D152E9A72BC4CABA005535F1 /* GameRoomDetailBottomView.swift in Sources */ = {isa = PBXBuildFile; fileRef = D152E9A62BC4CABA005535F1 /* GameRoomDetailBottomView.swift */; };
		D152E9AA2BC4CD72005535F1 /* GameStatus.swift in Sources */ = {isa = PBXBuildFile; fileRef = D152E9A92BC4CD72005535F1 /* GameStatus.swift */; };
		D152E9AD2BC4D1AD005535F1 /* send.png in Resources */ = {isa = PBXBuildFile; fileRef = D152E9AC2BC4D1AD005535F1 /* send.png */; };
		D152E9B02BC4D2E0005535F1 /* GameRoomDetailBottomView+ViewModel.swift in Sources */ = {isa = PBXBuildFile; fileRef = D152E9AF2BC4D2E0005535F1 /* GameRoomDetailBottomView+ViewModel.swift */; };
		D152E9B32BC4E700005535F1 /* Bugs.swift in Sources */ = {isa = PBXBuildFile; fileRef = D152E9B22BC4E700005535F1 /* Bugs.swift */; };
		D16AFC7F2BCFAD4400AEC3B2 /* CommonPopupView.swift in Sources */ = {isa = PBXBuildFile; fileRef = D16AFC7E2BCFAD4400AEC3B2 /* CommonPopupView.swift */; };
		D19AFD512BBF9B7C008F9297 /* LadybugPokerApp.swift in Sources */ = {isa = PBXBuildFile; fileRef = D19AFD502BBF9B7C008F9297 /* LadybugPokerApp.swift */; };
		D19AFD552BBF9B7D008F9297 /* Assets.xcassets in Resources */ = {isa = PBXBuildFile; fileRef = D19AFD542BBF9B7D008F9297 /* Assets.xcassets */; };
		D19AFD582BBF9B7D008F9297 /* Preview Assets.xcassets in Resources */ = {isa = PBXBuildFile; fileRef = D19AFD572BBF9B7D008F9297 /* Preview Assets.xcassets */; };
		D19AFD652BBF9BB5008F9297 /* Font.swift in Sources */ = {isa = PBXBuildFile; fileRef = D19AFD642BBF9BB5008F9297 /* Font.swift */; };
		D19AFD682BBF9DDF008F9297 /* SnowCrab.ttf in Resources */ = {isa = PBXBuildFile; fileRef = D19AFD672BBF9DDF008F9297 /* SnowCrab.ttf */; };
		D19AFD6A2BBF9E52008F9297 /* Yeongdeok Sea.ttf in Resources */ = {isa = PBXBuildFile; fileRef = D19AFD692BBF9E52008F9297 /* Yeongdeok Sea.ttf */; };
		D19AFD6D2BBF9F92008F9297 /* SigninView.swift in Sources */ = {isa = PBXBuildFile; fileRef = D19AFD6C2BBF9F92008F9297 /* SigninView.swift */; };
		D19AFD6F2BBF9F99008F9297 /* MainView.swift in Sources */ = {isa = PBXBuildFile; fileRef = D19AFD6E2BBF9F99008F9297 /* MainView.swift */; };
		D19AFD712BBF9FB4008F9297 /* Color.swift in Sources */ = {isa = PBXBuildFile; fileRef = D19AFD702BBF9FB4008F9297 /* Color.swift */; };
		D19AFD742BBFA0A9008F9297 /* GameRoomView.swift in Sources */ = {isa = PBXBuildFile; fileRef = D19AFD732BBFA0A9008F9297 /* GameRoomView.swift */; };
		D19AFD772BBFA0C4008F9297 /* GameRoom.swift in Sources */ = {isa = PBXBuildFile; fileRef = D19AFD762BBFA0C4008F9297 /* GameRoom.swift */; };
		D19AFD792BBFA12F008F9297 /* User.swift in Sources */ = {isa = PBXBuildFile; fileRef = D19AFD782BBFA12F008F9297 /* User.swift */; };
		D19AFD7C2BBFA238008F9297 /* GameRoom_Preview.swift in Sources */ = {isa = PBXBuildFile; fileRef = D19AFD7B2BBFA238008F9297 /* GameRoom_Preview.swift */; };
/* End PBXBuildFile section */

/* Begin PBXFileReference section */
		4D7583142BC56E86009B6489 /* GameRoomDetailTopView.swift */ = {isa = PBXFileReference; lastKnownFileType = sourcecode.swift; path = GameRoomDetailTopView.swift; sourceTree = "<group>"; };
		4D7583162BC572A0009B6489 /* CardView.swift */ = {isa = PBXFileReference; lastKnownFileType = sourcecode.swift; path = CardView.swift; sourceTree = "<group>"; };
		4D7583182BC588B4009B6489 /* UserProfileView.swift */ = {isa = PBXFileReference; lastKnownFileType = sourcecode.swift; path = UserProfileView.swift; sourceTree = "<group>"; };
		4D75831E2BC83D4A009B6489 /* PlayerBoardView.swift */ = {isa = PBXFileReference; lastKnownFileType = sourcecode.swift; path = PlayerBoardView.swift; sourceTree = "<group>"; };
		4D75832D2BC8465D009B6489 /* Card.swift */ = {isa = PBXFileReference; lastKnownFileType = sourcecode.swift; path = Card.swift; sourceTree = "<group>"; };
		4DE122162BCBF53700F1FE9C /* GameRoomDetailTopView+ViewModel.swift */ = {isa = PBXFileReference; lastKnownFileType = sourcecode.swift; path = "GameRoomDetailTopView+ViewModel.swift"; sourceTree = "<group>"; };
		4DF375B82BD161CC008AC415 /* GamePlayAttackView.swift */ = {isa = PBXFileReference; lastKnownFileType = sourcecode.swift; path = GamePlayAttackView.swift; sourceTree = "<group>"; };
		D125B9C62BC1288F00A5AE03 /* Service.swift */ = {isa = PBXFileReference; lastKnownFileType = sourcecode.swift; path = Service.swift; sourceTree = "<group>"; };
		D125B9C82BC128D100A5AE03 /* Path.swift */ = {isa = PBXFileReference; lastKnownFileType = sourcecode.swift; path = Path.swift; sourceTree = "<group>"; };
		D125B9CB2BC12A0400A5AE03 /* GameRoomCreateView.swift */ = {isa = PBXFileReference; lastKnownFileType = sourcecode.swift; path = GameRoomCreateView.swift; sourceTree = "<group>"; };
		D125B9D82BC1503600A5AE03 /* GoogleService-Info.plist */ = {isa = PBXFileReference; lastKnownFileType = text.plist; path = "GoogleService-Info.plist"; sourceTree = SOURCE_ROOT; };
		D125B9DB2BC1504300A5AE03 /* AppDelegate.swift */ = {isa = PBXFileReference; lastKnownFileType = sourcecode.swift; path = AppDelegate.swift; sourceTree = "<group>"; };
		D125B9DD2BC1517700A5AE03 /* GameRoom_Functions.swift */ = {isa = PBXFileReference; lastKnownFileType = sourcecode.swift; path = GameRoom_Functions.swift; sourceTree = "<group>"; };
		D139C5252BC6828B006A82B0 /* GameRoomDetailBottomView+PlayingView.swift */ = {isa = PBXFileReference; lastKnownFileType = sourcecode.swift; path = "GameRoomDetailBottomView+PlayingView.swift"; sourceTree = "<group>"; };
		D152E9A62BC4CABA005535F1 /* GameRoomDetailBottomView.swift */ = {isa = PBXFileReference; lastKnownFileType = sourcecode.swift; path = GameRoomDetailBottomView.swift; sourceTree = "<group>"; };
		D152E9A92BC4CD72005535F1 /* GameStatus.swift */ = {isa = PBXFileReference; lastKnownFileType = sourcecode.swift; path = GameStatus.swift; sourceTree = "<group>"; };
		D152E9AC2BC4D1AD005535F1 /* send.png */ = {isa = PBXFileReference; lastKnownFileType = image.png; path = send.png; sourceTree = "<group>"; };
		D152E9AF2BC4D2E0005535F1 /* GameRoomDetailBottomView+ViewModel.swift */ = {isa = PBXFileReference; lastKnownFileType = sourcecode.swift; path = "GameRoomDetailBottomView+ViewModel.swift"; sourceTree = "<group>"; };
		D152E9B22BC4E700005535F1 /* Bugs.swift */ = {isa = PBXFileReference; lastKnownFileType = sourcecode.swift; path = Bugs.swift; sourceTree = "<group>"; };
		D16AFC7E2BCFAD4400AEC3B2 /* CommonPopupView.swift */ = {isa = PBXFileReference; lastKnownFileType = sourcecode.swift; path = CommonPopupView.swift; sourceTree = "<group>"; };
		D19AFD4D2BBF9B7C008F9297 /* LadybugPoker.app */ = {isa = PBXFileReference; explicitFileType = wrapper.application; includeInIndex = 0; path = LadybugPoker.app; sourceTree = BUILT_PRODUCTS_DIR; };
		D19AFD502BBF9B7C008F9297 /* LadybugPokerApp.swift */ = {isa = PBXFileReference; lastKnownFileType = sourcecode.swift; path = LadybugPokerApp.swift; sourceTree = "<group>"; };
		D19AFD542BBF9B7D008F9297 /* Assets.xcassets */ = {isa = PBXFileReference; lastKnownFileType = folder.assetcatalog; path = Assets.xcassets; sourceTree = "<group>"; };
		D19AFD572BBF9B7D008F9297 /* Preview Assets.xcassets */ = {isa = PBXFileReference; lastKnownFileType = folder.assetcatalog; path = "Preview Assets.xcassets"; sourceTree = "<group>"; };
		D19AFD642BBF9BB5008F9297 /* Font.swift */ = {isa = PBXFileReference; lastKnownFileType = sourcecode.swift; path = Font.swift; sourceTree = "<group>"; };
		D19AFD662BBF9C0C008F9297 /* Info.plist */ = {isa = PBXFileReference; lastKnownFileType = text.plist; path = Info.plist; sourceTree = "<group>"; };
		D19AFD672BBF9DDF008F9297 /* SnowCrab.ttf */ = {isa = PBXFileReference; lastKnownFileType = file; path = SnowCrab.ttf; sourceTree = SOURCE_ROOT; };
		D19AFD692BBF9E52008F9297 /* Yeongdeok Sea.ttf */ = {isa = PBXFileReference; lastKnownFileType = file; path = "Yeongdeok Sea.ttf"; sourceTree = SOURCE_ROOT; };
		D19AFD6C2BBF9F92008F9297 /* SigninView.swift */ = {isa = PBXFileReference; lastKnownFileType = sourcecode.swift; path = SigninView.swift; sourceTree = "<group>"; };
		D19AFD6E2BBF9F99008F9297 /* MainView.swift */ = {isa = PBXFileReference; lastKnownFileType = sourcecode.swift; path = MainView.swift; sourceTree = "<group>"; };
		D19AFD702BBF9FB4008F9297 /* Color.swift */ = {isa = PBXFileReference; lastKnownFileType = sourcecode.swift; path = Color.swift; sourceTree = "<group>"; };
		D19AFD732BBFA0A9008F9297 /* GameRoomView.swift */ = {isa = PBXFileReference; lastKnownFileType = sourcecode.swift; path = GameRoomView.swift; sourceTree = "<group>"; };
		D19AFD762BBFA0C4008F9297 /* GameRoom.swift */ = {isa = PBXFileReference; lastKnownFileType = sourcecode.swift; path = GameRoom.swift; sourceTree = "<group>"; };
		D19AFD782BBFA12F008F9297 /* User.swift */ = {isa = PBXFileReference; lastKnownFileType = sourcecode.swift; path = User.swift; sourceTree = "<group>"; };
		D19AFD7B2BBFA238008F9297 /* GameRoom_Preview.swift */ = {isa = PBXFileReference; lastKnownFileType = sourcecode.swift; path = GameRoom_Preview.swift; sourceTree = "<group>"; };
/* End PBXFileReference section */

/* Begin PBXFrameworksBuildPhase section */
		D19AFD4A2BBF9B7C008F9297 /* Frameworks */ = {
			isa = PBXFrameworksBuildPhase;
			buildActionMask = 2147483647;
			files = (
				D125B9D32BC14E1C00A5AE03 /* FirebaseAnalyticsSwift in Frameworks */,
				4D7583282BC8429D009B6489 /* NukeExtensions in Frameworks */,
				D125B9CF2BC14E1C00A5AE03 /* FirebaseAnalytics in Frameworks */,
				4D7583262BC8429D009B6489 /* Nuke in Frameworks */,
				D125B9D12BC14E1C00A5AE03 /* FirebaseAnalyticsOnDeviceConversion in Frameworks */,
				D125B9D72BC14E1C00A5AE03 /* FirebaseAppCheck in Frameworks */,
				4D75832A2BC8429D009B6489 /* NukeUI in Frameworks */,
				4D75832C2BC8429D009B6489 /* NukeVideo in Frameworks */,
				D125B9D52BC14E1C00A5AE03 /* FirebaseAnalyticsWithoutAdIdSupport in Frameworks */,
				D125B9E12BC156CD00A5AE03 /* FirebaseFirestore in Frameworks */,
			);
			runOnlyForDeploymentPostprocessing = 0;
		};
/* End PBXFrameworksBuildPhase section */

/* Begin PBXGroup section */
		4D7583132BC56E73009B6489 /* DetailTopView */ = {
			isa = PBXGroup;
			children = (
				4D7583142BC56E86009B6489 /* GameRoomDetailTopView.swift */,
				4D75831E2BC83D4A009B6489 /* PlayerBoardView.swift */,
				4DE122162BCBF53700F1FE9C /* GameRoomDetailTopView+ViewModel.swift */,
			);
			path = DetailTopView;
			sourceTree = "<group>";
		};
		D125B9C52BC1288600A5AE03 /* Service */ = {
			isa = PBXGroup;
			children = (
				D125B9C62BC1288F00A5AE03 /* Service.swift */,
				D125B9C82BC128D100A5AE03 /* Path.swift */,
			);
			path = Service;
			sourceTree = "<group>";
		};
		D125B9CA2BC129F900A5AE03 /* GameRoom */ = {
			isa = PBXGroup;
			children = (
				D152E9A52BC4CAA4005535F1 /* DetailView */,
				D125B9CB2BC12A0400A5AE03 /* GameRoomCreateView.swift */,
				4D7583162BC572A0009B6489 /* CardView.swift */,
				4D7583182BC588B4009B6489 /* UserProfileView.swift */,
				4DF375B82BD161CC008AC415 /* GamePlayAttackView.swift */,
			);
			path = GameRoom;
			sourceTree = "<group>";
		};
		D125B9DA2BC1503B00A5AE03 /* System */ = {
			isa = PBXGroup;
			children = (
				D125B9DB2BC1504300A5AE03 /* AppDelegate.swift */,
			);
			path = System;
			sourceTree = "<group>";
		};
		D125B9DF2BC156CD00A5AE03 /* Frameworks */ = {
			isa = PBXGroup;
			children = (
			);
			name = Frameworks;
			sourceTree = "<group>";
		};
		D152E9A52BC4CAA4005535F1 /* DetailView */ = {
			isa = PBXGroup;
			children = (
				4D7583132BC56E73009B6489 /* DetailTopView */,
				D152E9AE2BC4D2CB005535F1 /* DetailBottomView */,
			);
			path = DetailView;
			sourceTree = "<group>";
		};
		D152E9A82BC4CD6C005535F1 /* GameStatus */ = {
			isa = PBXGroup;
			children = (
				D152E9A92BC4CD72005535F1 /* GameStatus.swift */,
			);
			path = GameStatus;
			sourceTree = "<group>";
		};
		D152E9AB2BC4D1A4005535F1 /* Images */ = {
			isa = PBXGroup;
			children = (
				D152E9AC2BC4D1AD005535F1 /* send.png */,
			);
			path = Images;
			sourceTree = "<group>";
		};
		D152E9AE2BC4D2CB005535F1 /* DetailBottomView */ = {
			isa = PBXGroup;
			children = (
				D152E9A62BC4CABA005535F1 /* GameRoomDetailBottomView.swift */,
				D152E9AF2BC4D2E0005535F1 /* GameRoomDetailBottomView+ViewModel.swift */,
				D139C5252BC6828B006A82B0 /* GameRoomDetailBottomView+PlayingView.swift */,
			);
			path = DetailBottomView;
			sourceTree = "<group>";
		};
		D152E9B12BC4E6F6005535F1 /* Bugs */ = {
			isa = PBXGroup;
			children = (
				D152E9B22BC4E700005535F1 /* Bugs.swift */,
			);
			path = Bugs;
			sourceTree = "<group>";
		};
		D16AFC7D2BCFAD3A00AEC3B2 /* Popup */ = {
			isa = PBXGroup;
			children = (
				D16AFC7E2BCFAD4400AEC3B2 /* CommonPopupView.swift */,
			);
			path = Popup;
			sourceTree = "<group>";
		};
		D19AFD442BBF9B7C008F9297 = {
			isa = PBXGroup;
			children = (
				D19AFD4F2BBF9B7C008F9297 /* LadybugPoker */,
				D19AFD4E2BBF9B7C008F9297 /* Products */,
				D125B9DF2BC156CD00A5AE03 /* Frameworks */,
			);
			sourceTree = "<group>";
		};
		D19AFD4E2BBF9B7C008F9297 /* Products */ = {
			isa = PBXGroup;
			children = (
				D19AFD4D2BBF9B7C008F9297 /* LadybugPoker.app */,
			);
			name = Products;
			sourceTree = "<group>";
		};
		D19AFD4F2BBF9B7C008F9297 /* LadybugPoker */ = {
			isa = PBXGroup;
			children = (
				D125B9DA2BC1503B00A5AE03 /* System */,
				D125B9C52BC1288600A5AE03 /* Service */,
				D19AFD662BBF9C0C008F9297 /* Info.plist */,
				D125B9D82BC1503600A5AE03 /* GoogleService-Info.plist */,
				D19AFD752BBFA0B4008F9297 /* Models */,
				D19AFD632BBF9BB0008F9297 /* Utils */,
				D19AFD622BBF9BA8008F9297 /* Extensions */,
				D19AFD5E2BBF9B86008F9297 /* Resources */,
				D19AFD6B2BBF9F6A008F9297 /* Views */,
				D19AFD502BBF9B7C008F9297 /* LadybugPokerApp.swift */,
				D19AFD542BBF9B7D008F9297 /* Assets.xcassets */,
				D19AFD562BBF9B7D008F9297 /* Preview Content */,
			);
			path = LadybugPoker;
			sourceTree = "<group>";
		};
		D19AFD562BBF9B7D008F9297 /* Preview Content */ = {
			isa = PBXGroup;
			children = (
				D19AFD572BBF9B7D008F9297 /* Preview Assets.xcassets */,
			);
			path = "Preview Content";
			sourceTree = "<group>";
		};
		D19AFD5E2BBF9B86008F9297 /* Resources */ = {
			isa = PBXGroup;
			children = (
				D152E9AB2BC4D1A4005535F1 /* Images */,
				D19AFD5F2BBF9B8E008F9297 /* Fonts */,
			);
			path = Resources;
			sourceTree = "<group>";
		};
		D19AFD5F2BBF9B8E008F9297 /* Fonts */ = {
			isa = PBXGroup;
			children = (
				D19AFD672BBF9DDF008F9297 /* SnowCrab.ttf */,
				D19AFD692BBF9E52008F9297 /* Yeongdeok Sea.ttf */,
			);
			path = Fonts;
			sourceTree = "<group>";
		};
		D19AFD622BBF9BA8008F9297 /* Extensions */ = {
			isa = PBXGroup;
			children = (
			);
			path = Extensions;
			sourceTree = "<group>";
		};
		D19AFD632BBF9BB0008F9297 /* Utils */ = {
			isa = PBXGroup;
			children = (
				D19AFD642BBF9BB5008F9297 /* Font.swift */,
				D19AFD702BBF9FB4008F9297 /* Color.swift */,
			);
			path = Utils;
			sourceTree = "<group>";
		};
		D19AFD6B2BBF9F6A008F9297 /* Views */ = {
			isa = PBXGroup;
			children = (
				D16AFC7D2BCFAD3A00AEC3B2 /* Popup */,
				D125B9CA2BC129F900A5AE03 /* GameRoom */,
				D19AFD722BBFA09D008F9297 /* Main */,
				D19AFD6C2BBF9F92008F9297 /* SigninView.swift */,
			);
			path = Views;
			sourceTree = "<group>";
		};
		D19AFD722BBFA09D008F9297 /* Main */ = {
			isa = PBXGroup;
			children = (
				D19AFD6E2BBF9F99008F9297 /* MainView.swift */,
				D19AFD732BBFA0A9008F9297 /* GameRoomView.swift */,
			);
			path = Main;
			sourceTree = "<group>";
		};
		D19AFD752BBFA0B4008F9297 /* Models */ = {
			isa = PBXGroup;
			children = (
				D152E9B12BC4E6F6005535F1 /* Bugs */,
				D152E9A82BC4CD6C005535F1 /* GameStatus */,
				D19AFD7A2BBFA22A008F9297 /* GameRoom */,
				D19AFD782BBFA12F008F9297 /* User.swift */,
				4D75832D2BC8465D009B6489 /* Card.swift */,
			);
			path = Models;
			sourceTree = "<group>";
		};
		D19AFD7A2BBFA22A008F9297 /* GameRoom */ = {
			isa = PBXGroup;
			children = (
				D19AFD762BBFA0C4008F9297 /* GameRoom.swift */,
				D19AFD7B2BBFA238008F9297 /* GameRoom_Preview.swift */,
				D125B9DD2BC1517700A5AE03 /* GameRoom_Functions.swift */,
			);
			path = GameRoom;
			sourceTree = "<group>";
		};
/* End PBXGroup section */

/* Begin PBXNativeTarget section */
		D19AFD4C2BBF9B7C008F9297 /* LadybugPoker */ = {
			isa = PBXNativeTarget;
			buildConfigurationList = D19AFD5B2BBF9B7D008F9297 /* Build configuration list for PBXNativeTarget "LadybugPoker" */;
			buildPhases = (
				D19AFD492BBF9B7C008F9297 /* Sources */,
				D19AFD4A2BBF9B7C008F9297 /* Frameworks */,
				D19AFD4B2BBF9B7C008F9297 /* Resources */,
			);
			buildRules = (
			);
			dependencies = (
			);
			name = LadybugPoker;
			packageProductDependencies = (
				D125B9CE2BC14E1C00A5AE03 /* FirebaseAnalytics */,
				D125B9D02BC14E1C00A5AE03 /* FirebaseAnalyticsOnDeviceConversion */,
				D125B9D22BC14E1C00A5AE03 /* FirebaseAnalyticsSwift */,
				D125B9D42BC14E1C00A5AE03 /* FirebaseAnalyticsWithoutAdIdSupport */,
				D125B9D62BC14E1C00A5AE03 /* FirebaseAppCheck */,
				D125B9E02BC156CD00A5AE03 /* FirebaseFirestore */,
				4D7583252BC8429D009B6489 /* Nuke */,
				4D7583272BC8429D009B6489 /* NukeExtensions */,
				4D7583292BC8429D009B6489 /* NukeUI */,
				4D75832B2BC8429D009B6489 /* NukeVideo */,
			);
			productName = LadybugPoker;
			productReference = D19AFD4D2BBF9B7C008F9297 /* LadybugPoker.app */;
			productType = "com.apple.product-type.application";
		};
/* End PBXNativeTarget section */

/* Begin PBXProject section */
		D19AFD452BBF9B7C008F9297 /* Project object */ = {
			isa = PBXProject;
			attributes = {
				BuildIndependentTargetsInParallel = 1;
				LastSwiftUpdateCheck = 1520;
				LastUpgradeCheck = 1520;
				TargetAttributes = {
					D19AFD4C2BBF9B7C008F9297 = {
						CreatedOnToolsVersion = 15.2;
					};
				};
			};
			buildConfigurationList = D19AFD482BBF9B7C008F9297 /* Build configuration list for PBXProject "LadybugPoker" */;
			compatibilityVersion = "Xcode 14.0";
			developmentRegion = en;
			hasScannedForEncodings = 0;
			knownRegions = (
				en,
				Base,
			);
			mainGroup = D19AFD442BBF9B7C008F9297;
			packageReferences = (
				D125B9CD2BC14E1C00A5AE03 /* XCRemoteSwiftPackageReference "firebase-ios-sdk" */,
				4D7583242BC8429D009B6489 /* XCRemoteSwiftPackageReference "Nuke" */,
			);
			productRefGroup = D19AFD4E2BBF9B7C008F9297 /* Products */;
			projectDirPath = "";
			projectRoot = "";
			targets = (
				D19AFD4C2BBF9B7C008F9297 /* LadybugPoker */,
			);
		};
/* End PBXProject section */

/* Begin PBXResourcesBuildPhase section */
		D19AFD4B2BBF9B7C008F9297 /* Resources */ = {
			isa = PBXResourcesBuildPhase;
			buildActionMask = 2147483647;
			files = (
				D19AFD582BBF9B7D008F9297 /* Preview Assets.xcassets in Resources */,
				D19AFD552BBF9B7D008F9297 /* Assets.xcassets in Resources */,
				D125B9D92BC1503600A5AE03 /* GoogleService-Info.plist in Resources */,
				D19AFD682BBF9DDF008F9297 /* SnowCrab.ttf in Resources */,
				D19AFD6A2BBF9E52008F9297 /* Yeongdeok Sea.ttf in Resources */,
				D152E9AD2BC4D1AD005535F1 /* send.png in Resources */,
			);
			runOnlyForDeploymentPostprocessing = 0;
		};
/* End PBXResourcesBuildPhase section */

/* Begin PBXSourcesBuildPhase section */
		D19AFD492BBF9B7C008F9297 /* Sources */ = {
			isa = PBXSourcesBuildPhase;
			buildActionMask = 2147483647;
			files = (
				4D75831F2BC83D4A009B6489 /* PlayerBoardView.swift in Sources */,
				D19AFD772BBFA0C4008F9297 /* GameRoom.swift in Sources */,
				D16AFC7F2BCFAD4400AEC3B2 /* CommonPopupView.swift in Sources */,
				D19AFD7C2BBFA238008F9297 /* GameRoom_Preview.swift in Sources */,
				D19AFD512BBF9B7C008F9297 /* LadybugPokerApp.swift in Sources */,
				D125B9DC2BC1504300A5AE03 /* AppDelegate.swift in Sources */,
				D139C5262BC6828B006A82B0 /* GameRoomDetailBottomView+PlayingView.swift in Sources */,
				D152E9A72BC4CABA005535F1 /* GameRoomDetailBottomView.swift in Sources */,
				4DE122172BCBF53700F1FE9C /* GameRoomDetailTopView+ViewModel.swift in Sources */,
				D19AFD6D2BBF9F92008F9297 /* SigninView.swift in Sources */,
				D19AFD742BBFA0A9008F9297 /* GameRoomView.swift in Sources */,
				D125B9DE2BC1517700A5AE03 /* GameRoom_Functions.swift in Sources */,
				D125B9CC2BC12A0400A5AE03 /* GameRoomCreateView.swift in Sources */,
				D152E9AA2BC4CD72005535F1 /* GameStatus.swift in Sources */,
				D19AFD792BBFA12F008F9297 /* User.swift in Sources */,
				4D7583152BC56E86009B6489 /* GameRoomDetailTopView.swift in Sources */,
				4DF375B92BD161CC008AC415 /* GamePlayAttackView.swift in Sources */,
				D19AFD6F2BBF9F99008F9297 /* MainView.swift in Sources */,
				D152E9B32BC4E700005535F1 /* Bugs.swift in Sources */,
				4D7583172BC572A0009B6489 /* CardView.swift in Sources */,
				D125B9C72BC1288F00A5AE03 /* Service.swift in Sources */,
				D19AFD652BBF9BB5008F9297 /* Font.swift in Sources */,
				4D75832E2BC8465D009B6489 /* Card.swift in Sources */,
				D125B9C92BC128D100A5AE03 /* Path.swift in Sources */,
				D19AFD712BBF9FB4008F9297 /* Color.swift in Sources */,
				4D7583192BC588B4009B6489 /* UserProfileView.swift in Sources */,
				D152E9B02BC4D2E0005535F1 /* GameRoomDetailBottomView+ViewModel.swift in Sources */,
			);
			runOnlyForDeploymentPostprocessing = 0;
		};
/* End PBXSourcesBuildPhase section */

/* Begin XCBuildConfiguration section */
		D19AFD592BBF9B7D008F9297 /* Debug */ = {
			isa = XCBuildConfiguration;
			buildSettings = {
				ALWAYS_SEARCH_USER_PATHS = NO;
				ASSETCATALOG_COMPILER_GENERATE_SWIFT_ASSET_SYMBOL_EXTENSIONS = YES;
				CLANG_ANALYZER_NONNULL = YES;
				CLANG_ANALYZER_NUMBER_OBJECT_CONVERSION = YES_AGGRESSIVE;
				CLANG_CXX_LANGUAGE_STANDARD = "gnu++20";
				CLANG_ENABLE_MODULES = YES;
				CLANG_ENABLE_OBJC_ARC = YES;
				CLANG_ENABLE_OBJC_WEAK = YES;
				CLANG_WARN_BLOCK_CAPTURE_AUTORELEASING = YES;
				CLANG_WARN_BOOL_CONVERSION = YES;
				CLANG_WARN_COMMA = YES;
				CLANG_WARN_CONSTANT_CONVERSION = YES;
				CLANG_WARN_DEPRECATED_OBJC_IMPLEMENTATIONS = YES;
				CLANG_WARN_DIRECT_OBJC_ISA_USAGE = YES_ERROR;
				CLANG_WARN_DOCUMENTATION_COMMENTS = YES;
				CLANG_WARN_EMPTY_BODY = YES;
				CLANG_WARN_ENUM_CONVERSION = YES;
				CLANG_WARN_INFINITE_RECURSION = YES;
				CLANG_WARN_INT_CONVERSION = YES;
				CLANG_WARN_NON_LITERAL_NULL_CONVERSION = YES;
				CLANG_WARN_OBJC_IMPLICIT_RETAIN_SELF = YES;
				CLANG_WARN_OBJC_LITERAL_CONVERSION = YES;
				CLANG_WARN_OBJC_ROOT_CLASS = YES_ERROR;
				CLANG_WARN_QUOTED_INCLUDE_IN_FRAMEWORK_HEADER = YES;
				CLANG_WARN_RANGE_LOOP_ANALYSIS = YES;
				CLANG_WARN_STRICT_PROTOTYPES = YES;
				CLANG_WARN_SUSPICIOUS_MOVE = YES;
				CLANG_WARN_UNGUARDED_AVAILABILITY = YES_AGGRESSIVE;
				CLANG_WARN_UNREACHABLE_CODE = YES;
				CLANG_WARN__DUPLICATE_METHOD_MATCH = YES;
				COPY_PHASE_STRIP = NO;
				DEBUG_INFORMATION_FORMAT = dwarf;
				ENABLE_STRICT_OBJC_MSGSEND = YES;
				ENABLE_TESTABILITY = YES;
				ENABLE_USER_SCRIPT_SANDBOXING = YES;
				GCC_C_LANGUAGE_STANDARD = gnu17;
				GCC_DYNAMIC_NO_PIC = NO;
				GCC_NO_COMMON_BLOCKS = YES;
				GCC_OPTIMIZATION_LEVEL = 0;
				GCC_PREPROCESSOR_DEFINITIONS = (
					"DEBUG=1",
					"$(inherited)",
				);
				GCC_WARN_64_TO_32_BIT_CONVERSION = YES;
				GCC_WARN_ABOUT_RETURN_TYPE = YES_ERROR;
				GCC_WARN_UNDECLARED_SELECTOR = YES;
				GCC_WARN_UNINITIALIZED_AUTOS = YES_AGGRESSIVE;
				GCC_WARN_UNUSED_FUNCTION = YES;
				GCC_WARN_UNUSED_VARIABLE = YES;
				IPHONEOS_DEPLOYMENT_TARGET = 17.2;
				LOCALIZATION_PREFERS_STRING_CATALOGS = YES;
				MTL_ENABLE_DEBUG_INFO = INCLUDE_SOURCE;
				MTL_FAST_MATH = YES;
				ONLY_ACTIVE_ARCH = YES;
				SDKROOT = iphoneos;
				SWIFT_ACTIVE_COMPILATION_CONDITIONS = "DEBUG $(inherited)";
				SWIFT_OPTIMIZATION_LEVEL = "-Onone";
			};
			name = Debug;
		};
		D19AFD5A2BBF9B7D008F9297 /* Release */ = {
			isa = XCBuildConfiguration;
			buildSettings = {
				ALWAYS_SEARCH_USER_PATHS = NO;
				ASSETCATALOG_COMPILER_GENERATE_SWIFT_ASSET_SYMBOL_EXTENSIONS = YES;
				CLANG_ANALYZER_NONNULL = YES;
				CLANG_ANALYZER_NUMBER_OBJECT_CONVERSION = YES_AGGRESSIVE;
				CLANG_CXX_LANGUAGE_STANDARD = "gnu++20";
				CLANG_ENABLE_MODULES = YES;
				CLANG_ENABLE_OBJC_ARC = YES;
				CLANG_ENABLE_OBJC_WEAK = YES;
				CLANG_WARN_BLOCK_CAPTURE_AUTORELEASING = YES;
				CLANG_WARN_BOOL_CONVERSION = YES;
				CLANG_WARN_COMMA = YES;
				CLANG_WARN_CONSTANT_CONVERSION = YES;
				CLANG_WARN_DEPRECATED_OBJC_IMPLEMENTATIONS = YES;
				CLANG_WARN_DIRECT_OBJC_ISA_USAGE = YES_ERROR;
				CLANG_WARN_DOCUMENTATION_COMMENTS = YES;
				CLANG_WARN_EMPTY_BODY = YES;
				CLANG_WARN_ENUM_CONVERSION = YES;
				CLANG_WARN_INFINITE_RECURSION = YES;
				CLANG_WARN_INT_CONVERSION = YES;
				CLANG_WARN_NON_LITERAL_NULL_CONVERSION = YES;
				CLANG_WARN_OBJC_IMPLICIT_RETAIN_SELF = YES;
				CLANG_WARN_OBJC_LITERAL_CONVERSION = YES;
				CLANG_WARN_OBJC_ROOT_CLASS = YES_ERROR;
				CLANG_WARN_QUOTED_INCLUDE_IN_FRAMEWORK_HEADER = YES;
				CLANG_WARN_RANGE_LOOP_ANALYSIS = YES;
				CLANG_WARN_STRICT_PROTOTYPES = YES;
				CLANG_WARN_SUSPICIOUS_MOVE = YES;
				CLANG_WARN_UNGUARDED_AVAILABILITY = YES_AGGRESSIVE;
				CLANG_WARN_UNREACHABLE_CODE = YES;
				CLANG_WARN__DUPLICATE_METHOD_MATCH = YES;
				COPY_PHASE_STRIP = NO;
				DEBUG_INFORMATION_FORMAT = "dwarf-with-dsym";
				ENABLE_NS_ASSERTIONS = NO;
				ENABLE_STRICT_OBJC_MSGSEND = YES;
				ENABLE_USER_SCRIPT_SANDBOXING = YES;
				GCC_C_LANGUAGE_STANDARD = gnu17;
				GCC_NO_COMMON_BLOCKS = YES;
				GCC_WARN_64_TO_32_BIT_CONVERSION = YES;
				GCC_WARN_ABOUT_RETURN_TYPE = YES_ERROR;
				GCC_WARN_UNDECLARED_SELECTOR = YES;
				GCC_WARN_UNINITIALIZED_AUTOS = YES_AGGRESSIVE;
				GCC_WARN_UNUSED_FUNCTION = YES;
				GCC_WARN_UNUSED_VARIABLE = YES;
				IPHONEOS_DEPLOYMENT_TARGET = 17.2;
				LOCALIZATION_PREFERS_STRING_CATALOGS = YES;
				MTL_ENABLE_DEBUG_INFO = NO;
				MTL_FAST_MATH = YES;
				SDKROOT = iphoneos;
				SWIFT_COMPILATION_MODE = wholemodule;
				VALIDATE_PRODUCT = YES;
			};
			name = Release;
		};
		D19AFD5C2BBF9B7D008F9297 /* Debug */ = {
			isa = XCBuildConfiguration;
			buildSettings = {
				ASSETCATALOG_COMPILER_APPICON_NAME = AppIcon;
				ASSETCATALOG_COMPILER_GLOBAL_ACCENT_COLOR_NAME = AccentColor;
				CODE_SIGN_STYLE = Automatic;
				CURRENT_PROJECT_VERSION = 1;
				DEVELOPMENT_ASSET_PATHS = "\"LadybugPoker/Preview Content\"";
				DEVELOPMENT_TEAM = JRXGXW25BG;
				ENABLE_PREVIEWS = YES;
				GENERATE_INFOPLIST_FILE = YES;
				INFOPLIST_FILE = LadybugPoker/Info.plist;
				INFOPLIST_KEY_UIApplicationSceneManifest_Generation = YES;
				INFOPLIST_KEY_UIApplicationSupportsIndirectInputEvents = YES;
				INFOPLIST_KEY_UILaunchScreen_Generation = YES;
				INFOPLIST_KEY_UISupportedInterfaceOrientations_iPad = "UIInterfaceOrientationPortrait UIInterfaceOrientationPortraitUpsideDown UIInterfaceOrientationLandscapeLeft UIInterfaceOrientationLandscapeRight";
				INFOPLIST_KEY_UISupportedInterfaceOrientations_iPhone = "UIInterfaceOrientationPortrait UIInterfaceOrientationLandscapeLeft UIInterfaceOrientationLandscapeRight";
				LD_RUNPATH_SEARCH_PATHS = (
					"$(inherited)",
					"@executable_path/Frameworks",
				);
				MARKETING_VERSION = 1.0;
				PRODUCT_BUNDLE_IDENTIFIER = com.indecode.LadybugPoker;
				PRODUCT_NAME = "$(TARGET_NAME)";
				SWIFT_EMIT_LOC_STRINGS = YES;
				SWIFT_VERSION = 5.0;
				TARGETED_DEVICE_FAMILY = "1,2";
			};
			name = Debug;
		};
		D19AFD5D2BBF9B7D008F9297 /* Release */ = {
			isa = XCBuildConfiguration;
			buildSettings = {
				ASSETCATALOG_COMPILER_APPICON_NAME = AppIcon;
				ASSETCATALOG_COMPILER_GLOBAL_ACCENT_COLOR_NAME = AccentColor;
				CODE_SIGN_STYLE = Automatic;
				CURRENT_PROJECT_VERSION = 1;
				DEVELOPMENT_ASSET_PATHS = "\"LadybugPoker/Preview Content\"";
				DEVELOPMENT_TEAM = JRXGXW25BG;
				ENABLE_PREVIEWS = YES;
				GENERATE_INFOPLIST_FILE = YES;
				INFOPLIST_FILE = LadybugPoker/Info.plist;
				INFOPLIST_KEY_UIApplicationSceneManifest_Generation = YES;
				INFOPLIST_KEY_UIApplicationSupportsIndirectInputEvents = YES;
				INFOPLIST_KEY_UILaunchScreen_Generation = YES;
				INFOPLIST_KEY_UISupportedInterfaceOrientations_iPad = "UIInterfaceOrientationPortrait UIInterfaceOrientationPortraitUpsideDown UIInterfaceOrientationLandscapeLeft UIInterfaceOrientationLandscapeRight";
				INFOPLIST_KEY_UISupportedInterfaceOrientations_iPhone = "UIInterfaceOrientationPortrait UIInterfaceOrientationLandscapeLeft UIInterfaceOrientationLandscapeRight";
				LD_RUNPATH_SEARCH_PATHS = (
					"$(inherited)",
					"@executable_path/Frameworks",
				);
				MARKETING_VERSION = 1.0;
				PRODUCT_BUNDLE_IDENTIFIER = com.indecode.LadybugPoker;
				PRODUCT_NAME = "$(TARGET_NAME)";
				SWIFT_EMIT_LOC_STRINGS = YES;
				SWIFT_VERSION = 5.0;
				TARGETED_DEVICE_FAMILY = "1,2";
			};
			name = Release;
		};
/* End XCBuildConfiguration section */

/* Begin XCConfigurationList section */
		D19AFD482BBF9B7C008F9297 /* Build configuration list for PBXProject "LadybugPoker" */ = {
			isa = XCConfigurationList;
			buildConfigurations = (
				D19AFD592BBF9B7D008F9297 /* Debug */,
				D19AFD5A2BBF9B7D008F9297 /* Release */,
			);
			defaultConfigurationIsVisible = 0;
			defaultConfigurationName = Release;
		};
		D19AFD5B2BBF9B7D008F9297 /* Build configuration list for PBXNativeTarget "LadybugPoker" */ = {
			isa = XCConfigurationList;
			buildConfigurations = (
				D19AFD5C2BBF9B7D008F9297 /* Debug */,
				D19AFD5D2BBF9B7D008F9297 /* Release */,
			);
			defaultConfigurationIsVisible = 0;
			defaultConfigurationName = Release;
		};
/* End XCConfigurationList section */

/* Begin XCRemoteSwiftPackageReference section */
		4D7583242BC8429D009B6489 /* XCRemoteSwiftPackageReference "Nuke" */ = {
			isa = XCRemoteSwiftPackageReference;
			repositoryURL = "https://github.com/kean/Nuke.git";
			requirement = {
				kind = upToNextMajorVersion;
				minimumVersion = 12.5.0;
			};
		};
		D125B9CD2BC14E1C00A5AE03 /* XCRemoteSwiftPackageReference "firebase-ios-sdk" */ = {
			isa = XCRemoteSwiftPackageReference;
			repositoryURL = "https://github.com/firebase/firebase-ios-sdk.git";
			requirement = {
				kind = upToNextMajorVersion;
				minimumVersion = 10.23.1;
			};
		};
/* End XCRemoteSwiftPackageReference section */

/* Begin XCSwiftPackageProductDependency section */
		4D7583252BC8429D009B6489 /* Nuke */ = {
			isa = XCSwiftPackageProductDependency;
			package = 4D7583242BC8429D009B6489 /* XCRemoteSwiftPackageReference "Nuke" */;
			productName = Nuke;
		};
		4D7583272BC8429D009B6489 /* NukeExtensions */ = {
			isa = XCSwiftPackageProductDependency;
			package = 4D7583242BC8429D009B6489 /* XCRemoteSwiftPackageReference "Nuke" */;
			productName = NukeExtensions;
		};
		4D7583292BC8429D009B6489 /* NukeUI */ = {
			isa = XCSwiftPackageProductDependency;
			package = 4D7583242BC8429D009B6489 /* XCRemoteSwiftPackageReference "Nuke" */;
			productName = NukeUI;
		};
		4D75832B2BC8429D009B6489 /* NukeVideo */ = {
			isa = XCSwiftPackageProductDependency;
			package = 4D7583242BC8429D009B6489 /* XCRemoteSwiftPackageReference "Nuke" */;
			productName = NukeVideo;
		};
		D125B9CE2BC14E1C00A5AE03 /* FirebaseAnalytics */ = {
			isa = XCSwiftPackageProductDependency;
			package = D125B9CD2BC14E1C00A5AE03 /* XCRemoteSwiftPackageReference "firebase-ios-sdk" */;
			productName = FirebaseAnalytics;
		};
		D125B9D02BC14E1C00A5AE03 /* FirebaseAnalyticsOnDeviceConversion */ = {
			isa = XCSwiftPackageProductDependency;
			package = D125B9CD2BC14E1C00A5AE03 /* XCRemoteSwiftPackageReference "firebase-ios-sdk" */;
			productName = FirebaseAnalyticsOnDeviceConversion;
		};
		D125B9D22BC14E1C00A5AE03 /* FirebaseAnalyticsSwift */ = {
			isa = XCSwiftPackageProductDependency;
			package = D125B9CD2BC14E1C00A5AE03 /* XCRemoteSwiftPackageReference "firebase-ios-sdk" */;
			productName = FirebaseAnalyticsSwift;
		};
		D125B9D42BC14E1C00A5AE03 /* FirebaseAnalyticsWithoutAdIdSupport */ = {
			isa = XCSwiftPackageProductDependency;
			package = D125B9CD2BC14E1C00A5AE03 /* XCRemoteSwiftPackageReference "firebase-ios-sdk" */;
			productName = FirebaseAnalyticsWithoutAdIdSupport;
		};
		D125B9D62BC14E1C00A5AE03 /* FirebaseAppCheck */ = {
			isa = XCSwiftPackageProductDependency;
			package = D125B9CD2BC14E1C00A5AE03 /* XCRemoteSwiftPackageReference "firebase-ios-sdk" */;
			productName = FirebaseAppCheck;
		};
		D125B9E02BC156CD00A5AE03 /* FirebaseFirestore */ = {
			isa = XCSwiftPackageProductDependency;
			package = D125B9CD2BC14E1C00A5AE03 /* XCRemoteSwiftPackageReference "firebase-ios-sdk" */;
			productName = FirebaseFirestore;
		};
/* End XCSwiftPackageProductDependency section */
	};
	rootObject = D19AFD452BBF9B7C008F9297 /* Project object */;
}
