// !$*UTF8*$!
{
	archiveVersion = 1;
	classes = {
	};
	objectVersion = 56;
	objects = {

/* Begin PBXBuildFile section */
		D19AFD512BBF9B7C008F9297 /* LadybugPokerApp.swift in Sources */ = {isa = PBXBuildFile; fileRef = D19AFD502BBF9B7C008F9297 /* LadybugPokerApp.swift */; };
		D19AFD532BBF9B7C008F9297 /* ContentView.swift in Sources */ = {isa = PBXBuildFile; fileRef = D19AFD522BBF9B7C008F9297 /* ContentView.swift */; };
		D19AFD552BBF9B7D008F9297 /* Assets.xcassets in Resources */ = {isa = PBXBuildFile; fileRef = D19AFD542BBF9B7D008F9297 /* Assets.xcassets */; };
		D19AFD582BBF9B7D008F9297 /* Preview Assets.xcassets in Resources */ = {isa = PBXBuildFile; fileRef = D19AFD572BBF9B7D008F9297 /* Preview Assets.xcassets */; };
		D19AFD652BBF9BB5008F9297 /* Font.swift in Sources */ = {isa = PBXBuildFile; fileRef = D19AFD642BBF9BB5008F9297 /* Font.swift */; };
		D19AFD682BBF9DDF008F9297 /* SnowCrab.ttf in Resources */ = {isa = PBXBuildFile; fileRef = D19AFD672BBF9DDF008F9297 /* SnowCrab.ttf */; };
		D19AFD6A2BBF9E52008F9297 /* Yeongdeok Sea.ttf in Resources */ = {isa = PBXBuildFile; fileRef = D19AFD692BBF9E52008F9297 /* Yeongdeok Sea.ttf */; };
		D19AFD6D2BBF9F92008F9297 /* SigninView.swift in Sources */ = {isa = PBXBuildFile; fileRef = D19AFD6C2BBF9F92008F9297 /* SigninView.swift */; };
		D19AFD6F2BBF9F99008F9297 /* MainView.swift in Sources */ = {isa = PBXBuildFile; fileRef = D19AFD6E2BBF9F99008F9297 /* MainView.swift */; };
		D19AFD712BBF9FB4008F9297 /* Color.swift in Sources */ = {isa = PBXBuildFile; fileRef = D19AFD702BBF9FB4008F9297 /* Color.swift */; };
/* End PBXBuildFile section */

/* Begin PBXFileReference section */
		D19AFD4D2BBF9B7C008F9297 /* LadybugPoker.app */ = {isa = PBXFileReference; explicitFileType = wrapper.application; includeInIndex = 0; path = LadybugPoker.app; sourceTree = BUILT_PRODUCTS_DIR; };
		D19AFD502BBF9B7C008F9297 /* LadybugPokerApp.swift */ = {isa = PBXFileReference; lastKnownFileType = sourcecode.swift; path = LadybugPokerApp.swift; sourceTree = "<group>"; };
		D19AFD522BBF9B7C008F9297 /* ContentView.swift */ = {isa = PBXFileReference; lastKnownFileType = sourcecode.swift; path = ContentView.swift; sourceTree = "<group>"; };
		D19AFD542BBF9B7D008F9297 /* Assets.xcassets */ = {isa = PBXFileReference; lastKnownFileType = folder.assetcatalog; path = Assets.xcassets; sourceTree = "<group>"; };
		D19AFD572BBF9B7D008F9297 /* Preview Assets.xcassets */ = {isa = PBXFileReference; lastKnownFileType = folder.assetcatalog; path = "Preview Assets.xcassets"; sourceTree = "<group>"; };
		D19AFD642BBF9BB5008F9297 /* Font.swift */ = {isa = PBXFileReference; lastKnownFileType = sourcecode.swift; path = Font.swift; sourceTree = "<group>"; };
		D19AFD662BBF9C0C008F9297 /* Info.plist */ = {isa = PBXFileReference; lastKnownFileType = text.plist; path = Info.plist; sourceTree = "<group>"; };
		D19AFD672BBF9DDF008F9297 /* SnowCrab.ttf */ = {isa = PBXFileReference; lastKnownFileType = file; path = SnowCrab.ttf; sourceTree = SOURCE_ROOT; };
		D19AFD692BBF9E52008F9297 /* Yeongdeok Sea.ttf */ = {isa = PBXFileReference; lastKnownFileType = file; path = "Yeongdeok Sea.ttf"; sourceTree = SOURCE_ROOT; };
		D19AFD6C2BBF9F92008F9297 /* SigninView.swift */ = {isa = PBXFileReference; lastKnownFileType = sourcecode.swift; path = SigninView.swift; sourceTree = "<group>"; };
		D19AFD6E2BBF9F99008F9297 /* MainView.swift */ = {isa = PBXFileReference; lastKnownFileType = sourcecode.swift; path = MainView.swift; sourceTree = "<group>"; };
		D19AFD702BBF9FB4008F9297 /* Color.swift */ = {isa = PBXFileReference; lastKnownFileType = sourcecode.swift; path = Color.swift; sourceTree = "<group>"; };
/* End PBXFileReference section */

/* Begin PBXFrameworksBuildPhase section */
		D19AFD4A2BBF9B7C008F9297 /* Frameworks */ = {
			isa = PBXFrameworksBuildPhase;
			buildActionMask = 2147483647;
			files = (
			);
			runOnlyForDeploymentPostprocessing = 0;
		};
/* End PBXFrameworksBuildPhase section */

/* Begin PBXGroup section */
		D19AFD442BBF9B7C008F9297 = {
			isa = PBXGroup;
			children = (
				D19AFD4F2BBF9B7C008F9297 /* LadybugPoker */,
				D19AFD4E2BBF9B7C008F9297 /* Products */,
			);
			sourceTree = "<group>";
		};
		D19AFD4E2BBF9B7C008F9297 /* Products */ = {
			isa = PBXGroup;
			children = (
				D19AFD4D2BBF9B7C008F9297 /* LadybugPoker.app */,
			);
			name = Products;
			sourceTree = "<group>";
		};
		D19AFD4F2BBF9B7C008F9297 /* LadybugPoker */ = {
			isa = PBXGroup;
			children = (
				D19AFD662BBF9C0C008F9297 /* Info.plist */,
				D19AFD632BBF9BB0008F9297 /* Utils */,
				D19AFD622BBF9BA8008F9297 /* Extensions */,
				D19AFD5E2BBF9B86008F9297 /* Resources */,
				D19AFD6B2BBF9F6A008F9297 /* Views */,
				D19AFD502BBF9B7C008F9297 /* LadybugPokerApp.swift */,
				D19AFD522BBF9B7C008F9297 /* ContentView.swift */,
				D19AFD542BBF9B7D008F9297 /* Assets.xcassets */,
				D19AFD562BBF9B7D008F9297 /* Preview Content */,
			);
			path = LadybugPoker;
			sourceTree = "<group>";
		};
		D19AFD562BBF9B7D008F9297 /* Preview Content */ = {
			isa = PBXGroup;
			children = (
				D19AFD572BBF9B7D008F9297 /* Preview Assets.xcassets */,
			);
			path = "Preview Content";
			sourceTree = "<group>";
		};
		D19AFD5E2BBF9B86008F9297 /* Resources */ = {
			isa = PBXGroup;
			children = (
				D19AFD5F2BBF9B8E008F9297 /* Fonts */,
			);
			path = Resources;
			sourceTree = "<group>";
		};
		D19AFD5F2BBF9B8E008F9297 /* Fonts */ = {
			isa = PBXGroup;
			children = (
				D19AFD672BBF9DDF008F9297 /* SnowCrab.ttf */,
				D19AFD692BBF9E52008F9297 /* Yeongdeok Sea.ttf */,
			);
			path = Fonts;
			sourceTree = "<group>";
		};
		D19AFD622BBF9BA8008F9297 /* Extensions */ = {
			isa = PBXGroup;
			children = (
			);
			path = Extensions;
			sourceTree = "<group>";
		};
		D19AFD632BBF9BB0008F9297 /* Utils */ = {
			isa = PBXGroup;
			children = (
				D19AFD642BBF9BB5008F9297 /* Font.swift */,
				D19AFD702BBF9FB4008F9297 /* Color.swift */,
			);
			path = Utils;
			sourceTree = "<group>";
		};
		D19AFD6B2BBF9F6A008F9297 /* Views */ = {
			isa = PBXGroup;
			children = (
				D19AFD6C2BBF9F92008F9297 /* SigninView.swift */,
				D19AFD6E2BBF9F99008F9297 /* MainView.swift */,
			);
			path = Views;
			sourceTree = "<group>";
		};
/* End PBXGroup section */

/* Begin PBXNativeTarget section */
		D19AFD4C2BBF9B7C008F9297 /* LadybugPoker */ = {
			isa = PBXNativeTarget;
			buildConfigurationList = D19AFD5B2BBF9B7D008F9297 /* Build configuration list for PBXNativeTarget "LadybugPoker" */;
			buildPhases = (
				D19AFD492BBF9B7C008F9297 /* Sources */,
				D19AFD4A2BBF9B7C008F9297 /* Frameworks */,
				D19AFD4B2BBF9B7C008F9297 /* Resources */,
			);
			buildRules = (
			);
			dependencies = (
			);
			name = LadybugPoker;
			productName = LadybugPoker;
			productReference = D19AFD4D2BBF9B7C008F9297 /* LadybugPoker.app */;
			productType = "com.apple.product-type.application";
		};
/* End PBXNativeTarget section */

/* Begin PBXProject section */
		D19AFD452BBF9B7C008F9297 /* Project object */ = {
			isa = PBXProject;
			attributes = {
				BuildIndependentTargetsInParallel = 1;
				LastSwiftUpdateCheck = 1520;
				LastUpgradeCheck = 1520;
				TargetAttributes = {
					D19AFD4C2BBF9B7C008F9297 = {
						CreatedOnToolsVersion = 15.2;
					};
				};
			};
			buildConfigurationList = D19AFD482BBF9B7C008F9297 /* Build configuration list for PBXProject "LadybugPoker" */;
			compatibilityVersion = "Xcode 14.0";
			developmentRegion = en;
			hasScannedForEncodings = 0;
			knownRegions = (
				en,
				Base,
			);
			mainGroup = D19AFD442BBF9B7C008F9297;
			productRefGroup = D19AFD4E2BBF9B7C008F9297 /* Products */;
			projectDirPath = "";
			projectRoot = "";
			targets = (
				D19AFD4C2BBF9B7C008F9297 /* LadybugPoker */,
			);
		};
/* End PBXProject section */

/* Begin PBXResourcesBuildPhase section */
		D19AFD4B2BBF9B7C008F9297 /* Resources */ = {
			isa = PBXResourcesBuildPhase;
			buildActionMask = 2147483647;
			files = (
				D19AFD582BBF9B7D008F9297 /* Preview Assets.xcassets in Resources */,
				D19AFD552BBF9B7D008F9297 /* Assets.xcassets in Resources */,
				D19AFD682BBF9DDF008F9297 /* SnowCrab.ttf in Resources */,
				D19AFD6A2BBF9E52008F9297 /* Yeongdeok Sea.ttf in Resources */,
			);
			runOnlyForDeploymentPostprocessing = 0;
		};
/* End PBXResourcesBuildPhase section */

/* Begin PBXSourcesBuildPhase section */
		D19AFD492BBF9B7C008F9297 /* Sources */ = {
			isa = PBXSourcesBuildPhase;
			buildActionMask = 2147483647;
			files = (
				D19AFD532BBF9B7C008F9297 /* ContentView.swift in Sources */,
				D19AFD512BBF9B7C008F9297 /* LadybugPokerApp.swift in Sources */,
				D19AFD6D2BBF9F92008F9297 /* SigninView.swift in Sources */,
				D19AFD6F2BBF9F99008F9297 /* MainView.swift in Sources */,
				D19AFD652BBF9BB5008F9297 /* Font.swift in Sources */,
				D19AFD712BBF9FB4008F9297 /* Color.swift in Sources */,
			);
			runOnlyForDeploymentPostprocessing = 0;
		};
/* End PBXSourcesBuildPhase section */

/* Begin XCBuildConfiguration section */
		D19AFD592BBF9B7D008F9297 /* Debug */ = {
			isa = XCBuildConfiguration;
			buildSettings = {
				ALWAYS_SEARCH_USER_PATHS = NO;
				ASSETCATALOG_COMPILER_GENERATE_SWIFT_ASSET_SYMBOL_EXTENSIONS = YES;
				CLANG_ANALYZER_NONNULL = YES;
				CLANG_ANALYZER_NUMBER_OBJECT_CONVERSION = YES_AGGRESSIVE;
				CLANG_CXX_LANGUAGE_STANDARD = "gnu++20";
				CLANG_ENABLE_MODULES = YES;
				CLANG_ENABLE_OBJC_ARC = YES;
				CLANG_ENABLE_OBJC_WEAK = YES;
				CLANG_WARN_BLOCK_CAPTURE_AUTORELEASING = YES;
				CLANG_WARN_BOOL_CONVERSION = YES;
				CLANG_WARN_COMMA = YES;
				CLANG_WARN_CONSTANT_CONVERSION = YES;
				CLANG_WARN_DEPRECATED_OBJC_IMPLEMENTATIONS = YES;
				CLANG_WARN_DIRECT_OBJC_ISA_USAGE = YES_ERROR;
				CLANG_WARN_DOCUMENTATION_COMMENTS = YES;
				CLANG_WARN_EMPTY_BODY = YES;
				CLANG_WARN_ENUM_CONVERSION = YES;
				CLANG_WARN_INFINITE_RECURSION = YES;
				CLANG_WARN_INT_CONVERSION = YES;
				CLANG_WARN_NON_LITERAL_NULL_CONVERSION = YES;
				CLANG_WARN_OBJC_IMPLICIT_RETAIN_SELF = YES;
				CLANG_WARN_OBJC_LITERAL_CONVERSION = YES;
				CLANG_WARN_OBJC_ROOT_CLASS = YES_ERROR;
				CLANG_WARN_QUOTED_INCLUDE_IN_FRAMEWORK_HEADER = YES;
				CLANG_WARN_RANGE_LOOP_ANALYSIS = YES;
				CLANG_WARN_STRICT_PROTOTYPES = YES;
				CLANG_WARN_SUSPICIOUS_MOVE = YES;
				CLANG_WARN_UNGUARDED_AVAILABILITY = YES_AGGRESSIVE;
				CLANG_WARN_UNREACHABLE_CODE = YES;
				CLANG_WARN__DUPLICATE_METHOD_MATCH = YES;
				COPY_PHASE_STRIP = NO;
				DEBUG_INFORMATION_FORMAT = dwarf;
				ENABLE_STRICT_OBJC_MSGSEND = YES;
				ENABLE_TESTABILITY = YES;
				ENABLE_USER_SCRIPT_SANDBOXING = YES;
				GCC_C_LANGUAGE_STANDARD = gnu17;
				GCC_DYNAMIC_NO_PIC = NO;
				GCC_NO_COMMON_BLOCKS = YES;
				GCC_OPTIMIZATION_LEVEL = 0;
				GCC_PREPROCESSOR_DEFINITIONS = (
					"DEBUG=1",
					"$(inherited)",
				);
				GCC_WARN_64_TO_32_BIT_CONVERSION = YES;
				GCC_WARN_ABOUT_RETURN_TYPE = YES_ERROR;
				GCC_WARN_UNDECLARED_SELECTOR = YES;
				GCC_WARN_UNINITIALIZED_AUTOS = YES_AGGRESSIVE;
				GCC_WARN_UNUSED_FUNCTION = YES;
				GCC_WARN_UNUSED_VARIABLE = YES;
				IPHONEOS_DEPLOYMENT_TARGET = 17.2;
				LOCALIZATION_PREFERS_STRING_CATALOGS = YES;
				MTL_ENABLE_DEBUG_INFO = INCLUDE_SOURCE;
				MTL_FAST_MATH = YES;
				ONLY_ACTIVE_ARCH = YES;
				SDKROOT = iphoneos;
				SWIFT_ACTIVE_COMPILATION_CONDITIONS = "DEBUG $(inherited)";
				SWIFT_OPTIMIZATION_LEVEL = "-Onone";
			};
			name = Debug;
		};
		D19AFD5A2BBF9B7D008F9297 /* Release */ = {
			isa = XCBuildConfiguration;
			buildSettings = {
				ALWAYS_SEARCH_USER_PATHS = NO;
				ASSETCATALOG_COMPILER_GENERATE_SWIFT_ASSET_SYMBOL_EXTENSIONS = YES;
				CLANG_ANALYZER_NONNULL = YES;
				CLANG_ANALYZER_NUMBER_OBJECT_CONVERSION = YES_AGGRESSIVE;
				CLANG_CXX_LANGUAGE_STANDARD = "gnu++20";
				CLANG_ENABLE_MODULES = YES;
				CLANG_ENABLE_OBJC_ARC = YES;
				CLANG_ENABLE_OBJC_WEAK = YES;
				CLANG_WARN_BLOCK_CAPTURE_AUTORELEASING = YES;
				CLANG_WARN_BOOL_CONVERSION = YES;
				CLANG_WARN_COMMA = YES;
				CLANG_WARN_CONSTANT_CONVERSION = YES;
				CLANG_WARN_DEPRECATED_OBJC_IMPLEMENTATIONS = YES;
				CLANG_WARN_DIRECT_OBJC_ISA_USAGE = YES_ERROR;
				CLANG_WARN_DOCUMENTATION_COMMENTS = YES;
				CLANG_WARN_EMPTY_BODY = YES;
				CLANG_WARN_ENUM_CONVERSION = YES;
				CLANG_WARN_INFINITE_RECURSION = YES;
				CLANG_WARN_INT_CONVERSION = YES;
				CLANG_WARN_NON_LITERAL_NULL_CONVERSION = YES;
				CLANG_WARN_OBJC_IMPLICIT_RETAIN_SELF = YES;
				CLANG_WARN_OBJC_LITERAL_CONVERSION = YES;
				CLANG_WARN_OBJC_ROOT_CLASS = YES_ERROR;
				CLANG_WARN_QUOTED_INCLUDE_IN_FRAMEWORK_HEADER = YES;
				CLANG_WARN_RANGE_LOOP_ANALYSIS = YES;
				CLANG_WARN_STRICT_PROTOTYPES = YES;
				CLANG_WARN_SUSPICIOUS_MOVE = YES;
				CLANG_WARN_UNGUARDED_AVAILABILITY = YES_AGGRESSIVE;
				CLANG_WARN_UNREACHABLE_CODE = YES;
				CLANG_WARN__DUPLICATE_METHOD_MATCH = YES;
				COPY_PHASE_STRIP = NO;
				DEBUG_INFORMATION_FORMAT = "dwarf-with-dsym";
				ENABLE_NS_ASSERTIONS = NO;
				ENABLE_STRICT_OBJC_MSGSEND = YES;
				ENABLE_USER_SCRIPT_SANDBOXING = YES;
				GCC_C_LANGUAGE_STANDARD = gnu17;
				GCC_NO_COMMON_BLOCKS = YES;
				GCC_WARN_64_TO_32_BIT_CONVERSION = YES;
				GCC_WARN_ABOUT_RETURN_TYPE = YES_ERROR;
				GCC_WARN_UNDECLARED_SELECTOR = YES;
				GCC_WARN_UNINITIALIZED_AUTOS = YES_AGGRESSIVE;
				GCC_WARN_UNUSED_FUNCTION = YES;
				GCC_WARN_UNUSED_VARIABLE = YES;
				IPHONEOS_DEPLOYMENT_TARGET = 17.2;
				LOCALIZATION_PREFERS_STRING_CATALOGS = YES;
				MTL_ENABLE_DEBUG_INFO = NO;
				MTL_FAST_MATH = YES;
				SDKROOT = iphoneos;
				SWIFT_COMPILATION_MODE = wholemodule;
				VALIDATE_PRODUCT = YES;
			};
			name = Release;
		};
		D19AFD5C2BBF9B7D008F9297 /* Debug */ = {
			isa = XCBuildConfiguration;
			buildSettings = {
				ASSETCATALOG_COMPILER_APPICON_NAME = AppIcon;
				ASSETCATALOG_COMPILER_GLOBAL_ACCENT_COLOR_NAME = AccentColor;
				CODE_SIGN_STYLE = Automatic;
				CURRENT_PROJECT_VERSION = 1;
				DEVELOPMENT_ASSET_PATHS = "\"LadybugPoker/Preview Content\"";
				DEVELOPMENT_TEAM = JRXGXW25BG;
				ENABLE_PREVIEWS = YES;
				GENERATE_INFOPLIST_FILE = YES;
				INFOPLIST_FILE = LadybugPoker/Info.plist;
				INFOPLIST_KEY_UIApplicationSceneManifest_Generation = YES;
				INFOPLIST_KEY_UIApplicationSupportsIndirectInputEvents = YES;
				INFOPLIST_KEY_UILaunchScreen_Generation = YES;
				INFOPLIST_KEY_UISupportedInterfaceOrientations_iPad = "UIInterfaceOrientationPortrait UIInterfaceOrientationPortraitUpsideDown UIInterfaceOrientationLandscapeLeft UIInterfaceOrientationLandscapeRight";
				INFOPLIST_KEY_UISupportedInterfaceOrientations_iPhone = "UIInterfaceOrientationPortrait UIInterfaceOrientationLandscapeLeft UIInterfaceOrientationLandscapeRight";
				LD_RUNPATH_SEARCH_PATHS = (
					"$(inherited)",
					"@executable_path/Frameworks",
				);
				MARKETING_VERSION = 1.0;
				PRODUCT_BUNDLE_IDENTIFIER = com.indecode.LadybugPoker;
				PRODUCT_NAME = "$(TARGET_NAME)";
				SWIFT_EMIT_LOC_STRINGS = YES;
				SWIFT_VERSION = 5.0;
				TARGETED_DEVICE_FAMILY = "1,2";
			};
			name = Debug;
		};
		D19AFD5D2BBF9B7D008F9297 /* Release */ = {
			isa = XCBuildConfiguration;
			buildSettings = {
				ASSETCATALOG_COMPILER_APPICON_NAME = AppIcon;
				ASSETCATALOG_COMPILER_GLOBAL_ACCENT_COLOR_NAME = AccentColor;
				CODE_SIGN_STYLE = Automatic;
				CURRENT_PROJECT_VERSION = 1;
				DEVELOPMENT_ASSET_PATHS = "\"LadybugPoker/Preview Content\"";
				DEVELOPMENT_TEAM = JRXGXW25BG;
				ENABLE_PREVIEWS = YES;
				GENERATE_INFOPLIST_FILE = YES;
				INFOPLIST_FILE = LadybugPoker/Info.plist;
				INFOPLIST_KEY_UIApplicationSceneManifest_Generation = YES;
				INFOPLIST_KEY_UIApplicationSupportsIndirectInputEvents = YES;
				INFOPLIST_KEY_UILaunchScreen_Generation = YES;
				INFOPLIST_KEY_UISupportedInterfaceOrientations_iPad = "UIInterfaceOrientationPortrait UIInterfaceOrientationPortraitUpsideDown UIInterfaceOrientationLandscapeLeft UIInterfaceOrientationLandscapeRight";
				INFOPLIST_KEY_UISupportedInterfaceOrientations_iPhone = "UIInterfaceOrientationPortrait UIInterfaceOrientationLandscapeLeft UIInterfaceOrientationLandscapeRight";
				LD_RUNPATH_SEARCH_PATHS = (
					"$(inherited)",
					"@executable_path/Frameworks",
				);
				MARKETING_VERSION = 1.0;
				PRODUCT_BUNDLE_IDENTIFIER = com.indecode.LadybugPoker;
				PRODUCT_NAME = "$(TARGET_NAME)";
				SWIFT_EMIT_LOC_STRINGS = YES;
				SWIFT_VERSION = 5.0;
				TARGETED_DEVICE_FAMILY = "1,2";
			};
			name = Release;
		};
/* End XCBuildConfiguration section */

/* Begin XCConfigurationList section */
		D19AFD482BBF9B7C008F9297 /* Build configuration list for PBXProject "LadybugPoker" */ = {
			isa = XCConfigurationList;
			buildConfigurations = (
				D19AFD592BBF9B7D008F9297 /* Debug */,
				D19AFD5A2BBF9B7D008F9297 /* Release */,
			);
			defaultConfigurationIsVisible = 0;
			defaultConfigurationName = Release;
		};
		D19AFD5B2BBF9B7D008F9297 /* Build configuration list for PBXNativeTarget "LadybugPoker" */ = {
			isa = XCConfigurationList;
			buildConfigurations = (
				D19AFD5C2BBF9B7D008F9297 /* Debug */,
				D19AFD5D2BBF9B7D008F9297 /* Release */,
			);
			defaultConfigurationIsVisible = 0;
			defaultConfigurationName = Release;
		};
/* End XCConfigurationList section */
	};
	rootObject = D19AFD452BBF9B7C008F9297 /* Project object */;
}
